// !$*UTF8*$!
{
	archiveVersion = 1;
	classes = {
	};
	objectVersion = 77;
	objects = {

/* Begin PBXBuildFile section */
		006DCED917E8DC60E97A90D3 /* SecondWindApp.swift in Sources */ = {isa = PBXBuildFile; fileRef = BDCDA961DC2B7282C1825686 /* SecondWindApp.swift */; };
		038740D59FEC51BCFFD15A44 /* RecoveryActivityScreen.swift in Sources */ = {isa = PBXBuildFile; fileRef = 15EFFB0D3C66F913F070F8AF /* RecoveryActivityScreen.swift */; };
		A1B2C3D4E5F60718293A4B5C /* RulesScreen.swift in Sources */ = {isa = PBXBuildFile; fileRef = B1C2D3E4F5061728394A5B6C /* RulesScreen.swift */; };
		1BD88E388D9938A493F5BF43 /* StorageIntelligenceView.swift in Sources */ = {isa = PBXBuildFile; fileRef = 9035E9CD2FB646DD3ABCF048 /* StorageIntelligenceView.swift */; };
		1D04756F7DB4B5FA7C9EEC71 /* SecondWindPrivilegedHelper in Resources */ = {isa = PBXBuildFile; fileRef = F049D4DEAD98146299C21124 /* SecondWindPrivilegedHelper */; settings = {ATTRIBUTES = (RemoveHeadersOnCopy, ); }; };
		1ED357BC70942742C70FE38C /* SecondWindPlatform in Frameworks */ = {isa = PBXBuildFile; productRef = 8072990C72A3298B3BE47817 /* SecondWindPlatform */; };
		23F2823147F5C3B0A2F8EA87 /* README.md in Resources */ = {isa = PBXBuildFile; fileRef = 86FF89D7D4F4F90B5F844CE5 /* README.md */; };
		3E71BB7C561F48205582D33D /* SecondWindPlatform in Frameworks */ = {isa = PBXBuildFile; productRef = E7A315DD9A1F7FC800EFC848 /* SecondWindPlatform */; };
		46022A5AB8E977E856705691 /* PrivilegedMaintenanceHelper.swift in Sources */ = {isa = PBXBuildFile; fileRef = 8F1FE84BBFC48762759BA415 /* PrivilegedMaintenanceHelper.swift */; };
		4C3035B7CB68DD21593FAE52 /* VolumeCheckView.swift in Sources */ = {isa = PBXBuildFile; fileRef = 5B1EC2A6BB5EE27D4EDC40AB /* VolumeCheckView.swift */; };
		519A451B91C353BFC82EFA46 /* SharedViews.swift in Sources */ = {isa = PBXBuildFile; fileRef = D369FAC52FD028BAD9B60B3E /* SharedViews.swift */; };
		53FDA34A851503806609CD09 /* SecondWindCore in Frameworks */ = {isa = PBXBuildFile; productRef = 58366003EC745FC5EFADB355 /* SecondWindCore */; };
		8410EC36E22EB6109B554A53 /* SystemTasksView.swift in Sources */ = {isa = PBXBuildFile; fileRef = 9C62E1457EBE9824728FE5D8 /* SystemTasksView.swift */; };
		858194504A7DF84F5685E1C2 /* VolumeCheckState.swift in Sources */ = {isa = PBXBuildFile; fileRef = C0E6E629D3D22096721FEB80 /* VolumeCheckState.swift */; };
		9BC8E40E9D8545915C7A5AEC /* ApplicationsScreen.swift in Sources */ = {isa = PBXBuildFile; fileRef = CB4C7177097BE1C3DA08DC58 /* ApplicationsScreen.swift */; };
		E3A934F418A84609BA01A001 /* SettingsScreen.swift in Sources */ = {isa = PBXBuildFile; fileRef = E3A934F418A84609BA01A002 /* SettingsScreen.swift */; };
		E3A934F418A84609BA01A003 /* DashboardScreen.swift in Sources */ = {isa = PBXBuildFile; fileRef = E3A934F418A84609BA01A004 /* DashboardScreen.swift */; };
		E3A934F418A84609BA01A005 /* CleanupScreen.swift in Sources */ = {isa = PBXBuildFile; fileRef = E3A934F418A84609BA01A006 /* CleanupScreen.swift */; };
		E3A934F418A84609BA01A007 /* SystemMonitorScreen.swift in Sources */ = {isa = PBXBuildFile; fileRef = E3A934F418A84609BA01A008 /* SystemMonitorScreen.swift */; };
		E3A934F418A84609BA01A009 /* StorageOutcomePreview.swift in Sources */ = {isa = PBXBuildFile; fileRef = E3A934F418A84609BA01A010 /* StorageOutcomePreview.swift */; };
		E3A934F418A84609BA01A011 /* StorageInventoryObserver.swift in Sources */ = {isa = PBXBuildFile; fileRef = E3A934F418A84609BA01A012 /* StorageInventoryObserver.swift */; };
		E3A934F418A84609BA01A013 /* DeveloperStorageScreen.swift in Sources */ = {isa = PBXBuildFile; fileRef = E3A934F418A84609BA01A014 /* DeveloperStorageScreen.swift */; };
		C9C710825F0884B19495C634 /* SecondWindPersistence in Frameworks */ = {isa = PBXBuildFile; productRef = CA7B5FC4202CBA4B3C47C06F /* SecondWindPersistence */; };
		CB2AE08F86A1502E26F6AFC9 /* SecondWindSystem in Frameworks */ = {isa = PBXBuildFile; productRef = 0BC94FC48CE1DFB33442F0C3 /* SecondWindSystem */; };
		CCE359EB5612CA4CC0A53280 /* SecondWindCore in Frameworks */ = {isa = PBXBuildFile; productRef = 1CB16AB86ABD2C9BABA59F9D /* SecondWindCore */; };
		EE5AC46D0E6343379AB6B1C4 /* SecondWindSystem in Frameworks */ = {isa = PBXBuildFile; productRef = EE5AC46D0E6343379AB6B1C5 /* SecondWindSystem */; };
		ECCF7E6E41EBBAA2B51F8678 /* SecondWindApplication in Frameworks */ = {isa = PBXBuildFile; productRef = D0A11468837E8124DC1F3675 /* SecondWindApplication */; };
/* End PBXBuildFile section */

/* Begin PBXContainerItemProxy section */
		ADC96997A1CB99F08423E7BD /* PBXContainerItemProxy */ = {
			isa = PBXContainerItemProxy;
			containerPortal = CE5D960E3EE6B84FDA727AB1 /* Project object */;
			proxyType = 1;
			remoteGlobalIDString = ED541B8F0C8F4A1871FA3B8F;
			remoteInfo = SecondWindPrivilegedHelper;
		};
/* End PBXContainerItemProxy section */

/* Begin PBXFileReference section */
		15EFFB0D3C66F913F070F8AF /* RecoveryActivityScreen.swift */ = {isa = PBXFileReference; lastKnownFileType = sourcecode.swift; path = Features/Insights/Recovery/RecoveryActivityScreen.swift; sourceTree = "<group>"; };
		5B1EC2A6BB5EE27D4EDC40AB /* VolumeCheckView.swift */ = {isa = PBXFileReference; lastKnownFileType = sourcecode.swift; path = Features/System/Volume/VolumeCheckView.swift; sourceTree = "<group>"; };
		615B22BD3F6E6A09D20EEE77 /* SecondWind.app */ = {isa = PBXFileReference; explicitFileType = wrapper.application; includeInIndex = 0; path = SecondWind.app; sourceTree = BUILT_PRODUCTS_DIR; };
		86FF89D7D4F4F90B5F844CE5 /* README.md */ = {isa = PBXFileReference; lastKnownFileType = net.daringfireball.markdown; path = README.md; sourceTree = "<group>"; };
		8F1FE84BBFC48762759BA415 /* PrivilegedMaintenanceHelper.swift */ = {isa = PBXFileReference; lastKnownFileType = sourcecode.swift; path = PrivilegedMaintenanceHelper.swift; sourceTree = "<group>"; };
		9035E9CD2FB646DD3ABCF048 /* StorageIntelligenceView.swift */ = {isa = PBXFileReference; lastKnownFileType = sourcecode.swift; path = Features/Insights/Storage/StorageIntelligenceView.swift; sourceTree = "<group>"; };
		9C62E1457EBE9824728FE5D8 /* SystemTasksView.swift */ = {isa = PBXFileReference; lastKnownFileType = sourcecode.swift; path = Features/System/Tasks/SystemTasksView.swift; sourceTree = "<group>"; };
		A34B7866014D956F806963A8 /* secondWind */ = {isa = PBXFileReference; lastKnownFileType = folder; name = secondWind; path = ..; sourceTree = SOURCE_ROOT; };
		B1C2D3E4F5061728394A5B6C /* RulesScreen.swift */ = {isa = PBXFileReference; lastKnownFileType = sourcecode.swift; path = Features/MakeSpace/Rules/RulesScreen.swift; sourceTree = "<group>"; };
		BDCDA961DC2B7282C1825686 /* SecondWindApp.swift */ = {isa = PBXFileReference; lastKnownFileType = sourcecode.swift; path = Application/SecondWindApp.swift; sourceTree = "<group>"; };
		C0E6E629D3D22096721FEB80 /* VolumeCheckState.swift */ = {isa = PBXFileReference; lastKnownFileType = sourcecode.swift; path = Features/System/Volume/VolumeCheckState.swift; sourceTree = "<group>"; };
		CB4C7177097BE1C3DA08DC58 /* ApplicationsScreen.swift */ = {isa = PBXFileReference; lastKnownFileType = sourcecode.swift; path = Features/MakeSpace/Applications/ApplicationsScreen.swift; sourceTree = "<group>"; };
		E3A934F418A84609BA01A002 /* SettingsScreen.swift */ = {isa = PBXFileReference; lastKnownFileType = sourcecode.swift; path = Features/System/Settings/SettingsScreen.swift; sourceTree = "<group>"; };
		E3A934F418A84609BA01A004 /* DashboardScreen.swift */ = {isa = PBXFileReference; lastKnownFileType = sourcecode.swift; path = Features/Overview/DashboardScreen.swift; sourceTree = "<group>"; };
		E3A934F418A84609BA01A006 /* CleanupScreen.swift */ = {isa = PBXFileReference; lastKnownFileType = sourcecode.swift; path = Features/MakeSpace/Cleanup/CleanupScreen.swift; sourceTree = "<group>"; };
		E3A934F418A84609BA01A008 /* SystemMonitorScreen.swift */ = {isa = PBXFileReference; lastKnownFileType = sourcecode.swift; path = Features/Insights/Monitor/SystemMonitorScreen.swift; sourceTree = "<group>"; };
		E3A934F418A84609BA01A010 /* StorageOutcomePreview.swift */ = {isa = PBXFileReference; lastKnownFileType = sourcecode.swift; path = Features/Insights/Storage/StorageOutcomePreview.swift; sourceTree = "<group>"; };
		E3A934F418A84609BA01A012 /* StorageInventoryObserver.swift */ = {isa = PBXFileReference; lastKnownFileType = sourcecode.swift; path = Features/Insights/Storage/StorageInventoryObserver.swift; sourceTree = "<group>"; };
		E3A934F418A84609BA01A014 /* DeveloperStorageScreen.swift */ = {isa = PBXFileReference; lastKnownFileType = sourcecode.swift; path = Features/Insights/Storage/DeveloperStorageScreen.swift; sourceTree = "<group>"; };
		D369FAC52FD028BAD9B60B3E /* SharedViews.swift */ = {isa = PBXFileReference; lastKnownFileType = sourcecode.swift; path = Shared/SharedViews.swift; sourceTree = "<group>"; };
		F049D4DEAD98146299C21124 /* SecondWindPrivilegedHelper */ = {isa = PBXFileReference; explicitFileType = "compiled.mach-o.executable"; includeInIndex = 0; path = SecondWindPrivilegedHelper; sourceTree = BUILT_PRODUCTS_DIR; };
/* End PBXFileReference section */

/* Begin PBXFrameworksBuildPhase section */
		3A5666D5EDAFC9EF118CC544 /* Frameworks */ = {
			isa = PBXFrameworksBuildPhase;
			buildActionMask = 2147483647;
			files = (
				CCE359EB5612CA4CC0A53280 /* SecondWindCore in Frameworks */,
				ECCF7E6E41EBBAA2B51F8678 /* SecondWindApplication in Frameworks */,
				CB2AE08F86A1502E26F6AFC9 /* SecondWindSystem in Frameworks */,
				3E71BB7C561F48205582D33D /* SecondWindPlatform in Frameworks */,
				C9C710825F0884B19495C634 /* SecondWindPersistence in Frameworks */,
			);
			runOnlyForDeploymentPostprocessing = 0;
		};
		D54EF322BD59CC1E756ECAF8 /* Frameworks */ = {
			isa = PBXFrameworksBuildPhase;
			buildActionMask = 2147483647;
			files = (
				53FDA34A851503806609CD09 /* SecondWindCore in Frameworks */,
				EE5AC46D0E6343379AB6B1C4 /* SecondWindSystem in Frameworks */,
				1ED357BC70942742C70FE38C /* SecondWindPlatform in Frameworks */,
			);
			runOnlyForDeploymentPostprocessing = 0;
		};
/* End PBXFrameworksBuildPhase section */

/* Begin PBXGroup section */
		4F1960E348DC47AF4EAD79B2 = {
			isa = PBXGroup;
			children = (
				E9F0554EBD477B040EDD786D /* CLI */,
				BF68858D45242D3DE6C8EC52 /* Packages */,
				E2D3757AAAFBC38A8189FA89 /* SecondWindPrivilegedHelper */,
				968A1E2AFF022967AE696E49 /* Products */,
			);
			sourceTree = "<group>";
		};
		968A1E2AFF022967AE696E49 /* Products */ = {
			isa = PBXGroup;
			children = (
				615B22BD3F6E6A09D20EEE77 /* SecondWind.app */,
				F049D4DEAD98146299C21124 /* SecondWindPrivilegedHelper */,
			);
			name = Products;
			sourceTree = "<group>";
		};
		BF68858D45242D3DE6C8EC52 /* Packages */ = {
			isa = PBXGroup;
			children = (
				A34B7866014D956F806963A8 /* secondWind */,
			);
			name = Packages;
			sourceTree = "<group>";
		};
		E2D3757AAAFBC38A8189FA89 /* SecondWindPrivilegedHelper */ = {
			isa = PBXGroup;
			children = (
				8F1FE84BBFC48762759BA415 /* PrivilegedMaintenanceHelper.swift */,
				86FF89D7D4F4F90B5F844CE5 /* README.md */,
			);
			name = SecondWindPrivilegedHelper;
			path = ../Optional/SecondWindPrivilegedHelper;
			sourceTree = "<group>";
		};
		E9F0554EBD477B040EDD786D /* CLI */ = {
			isa = PBXGroup;
			children = (
				CB4C7177097BE1C3DA08DC58 /* ApplicationsScreen.swift */,
				15EFFB0D3C66F913F070F8AF /* RecoveryActivityScreen.swift */,
				B1C2D3E4F5061728394A5B6C /* RulesScreen.swift */,
				BDCDA961DC2B7282C1825686 /* SecondWindApp.swift */,
				D369FAC52FD028BAD9B60B3E /* SharedViews.swift */,
				9035E9CD2FB646DD3ABCF048 /* StorageIntelligenceView.swift */,
				9C62E1457EBE9824728FE5D8 /* SystemTasksView.swift */,
				C0E6E629D3D22096721FEB80 /* VolumeCheckState.swift */,
				5B1EC2A6BB5EE27D4EDC40AB /* VolumeCheckView.swift */,
				E3A934F418A84609BA01A002 /* SettingsScreen.swift */,
				E3A934F418A84609BA01A004 /* DashboardScreen.swift */,
				E3A934F418A84609BA01A006 /* CleanupScreen.swift */,
				E3A934F418A84609BA01A008 /* SystemMonitorScreen.swift */,
				E3A934F418A84609BA01A010 /* StorageOutcomePreview.swift */,
				E3A934F418A84609BA01A012 /* StorageInventoryObserver.swift */,
				E3A934F418A84609BA01A014 /* DeveloperStorageScreen.swift */,
			);
			name = CLI;
			path = ../Sources/CLI;
			sourceTree = "<group>";
		};
/* End PBXGroup section */

/* Begin PBXNativeTarget section */
		ED541B8F0C8F4A1871FA3B8F /* SecondWindPrivilegedHelper */ = {
			isa = PBXNativeTarget;
			buildConfigurationList = 915172691AAB0E5DE74B5D26 /* Build configuration list for PBXNativeTarget "SecondWindPrivilegedHelper" */;
			buildPhases = (
				39A1E7FE23A4668387314F43 /* Sources */,
				CAE4B8DF90F7DFCB00747F01 /* Resources */,
				D54EF322BD59CC1E756ECAF8 /* Frameworks */,
			);
			buildRules = (
			);
			dependencies = (
			);
			name = SecondWindPrivilegedHelper;
			packageProductDependencies = (
				58366003EC745FC5EFADB355 /* SecondWindCore */,
				EE5AC46D0E6343379AB6B1C5 /* SecondWindSystem */,
				8072990C72A3298B3BE47817 /* SecondWindPlatform */,
			);
			productName = SecondWindPrivilegedHelper;
			productReference = F049D4DEAD98146299C21124 /* SecondWindPrivilegedHelper */;
			productType = "com.apple.product-type.tool";
		};
		F637E4DB2457AC09E3DD972F /* SecondWind */ = {
			isa = PBXNativeTarget;
			buildConfigurationList = 2636322391B9ACAC97BA582D /* Build configuration list for PBXNativeTarget "SecondWind" */;
			buildPhases = (
				0C967361146556BA90DAD062 /* Sources */,
				87E29748A3C6F7AF7D55B1EC /* Resources */,
				3A5666D5EDAFC9EF118CC544 /* Frameworks */,
				0B93B479A1CDB02B923A1246 /* Embed privileged helper */,
			);
			buildRules = (
			);
			dependencies = (
				2B4D8A45E903854F2128A78E /* PBXTargetDependency */,
			);
			name = SecondWind;
			packageProductDependencies = (
				1CB16AB86ABD2C9BABA59F9D /* SecondWindCore */,
				D0A11468837E8124DC1F3675 /* SecondWindApplication */,
				0BC94FC48CE1DFB33442F0C3 /* SecondWindSystem */,
				E7A315DD9A1F7FC800EFC848 /* SecondWindPlatform */,
				CA7B5FC4202CBA4B3C47C06F /* SecondWindPersistence */,
			);
			productName = SecondWind;
			productReference = 615B22BD3F6E6A09D20EEE77 /* SecondWind.app */;
			productType = "com.apple.product-type.application";
		};
/* End PBXNativeTarget section */

/* Begin PBXProject section */
		CE5D960E3EE6B84FDA727AB1 /* Project object */ = {
			isa = PBXProject;
			attributes = {
				BuildIndependentTargetsInParallel = YES;
				LastUpgradeCheck = 1430;
				TargetAttributes = {
					ED541B8F0C8F4A1871FA3B8F = {
						ProvisioningStyle = Automatic;
					};
					F637E4DB2457AC09E3DD972F = {
						ProvisioningStyle = Automatic;
					};
				};
			};
			buildConfigurationList = A87E206C262907177D7DAD7A /* Build configuration list for PBXProject "SecondWind" */;
			developmentRegion = en;
			hasScannedForEncodings = 0;
			knownRegions = (
				Base,
				en,
			);
			mainGroup = 4F1960E348DC47AF4EAD79B2;
			minimizedProjectReferenceProxies = 1;
			packageReferences = (
				186619BA790CAA7ECC09063E /* XCLocalSwiftPackageReference ".." */,
			);
			preferredProjectObjectVersion = 77;
			productRefGroup = 968A1E2AFF022967AE696E49 /* Products */;
			projectDirPath = "";
			projectRoot = "";
			targets = (
				F637E4DB2457AC09E3DD972F /* SecondWind */,
				ED541B8F0C8F4A1871FA3B8F /* SecondWindPrivilegedHelper */,
			);
		};
/* End PBXProject section */

/* Begin PBXResourcesBuildPhase section */
		87E29748A3C6F7AF7D55B1EC /* Resources */ = {
			isa = PBXResourcesBuildPhase;
			buildActionMask = 2147483647;
			files = (
				1D04756F7DB4B5FA7C9EEC71 /* SecondWindPrivilegedHelper in Resources */,
			);
			runOnlyForDeploymentPostprocessing = 0;
		};
		CAE4B8DF90F7DFCB00747F01 /* Resources */ = {
			isa = PBXResourcesBuildPhase;
			buildActionMask = 2147483647;
			files = (
				23F2823147F5C3B0A2F8EA87 /* README.md in Resources */,
			);
			runOnlyForDeploymentPostprocessing = 0;
		};
/* End PBXResourcesBuildPhase section */

/* Begin PBXShellScriptBuildPhase section */
		0B93B479A1CDB02B923A1246 /* Embed privileged helper */ = {
			isa = PBXShellScriptBuildPhase;
			buildActionMask = 2147483647;
			files = (
			);
			inputFileListPaths = (
			);
			inputPaths = (
			);
			name = "Embed privileged helper";
			outputFileListPaths = (
			);
			outputPaths = (
			);
			runOnlyForDeploymentPostprocessing = 0;
			shellPath = /bin/sh;
			shellScript = "\"${SRCROOT}/../Scripts/embed-privileged-helper.sh\"\n";
		};
/* End PBXShellScriptBuildPhase section */

/* Begin PBXSourcesBuildPhase section */
		0C967361146556BA90DAD062 /* Sources */ = {
			isa = PBXSourcesBuildPhase;
			buildActionMask = 2147483647;
			files = (
				9BC8E40E9D8545915C7A5AEC /* ApplicationsScreen.swift in Sources */,
				038740D59FEC51BCFFD15A44 /* RecoveryActivityScreen.swift in Sources */,
				A1B2C3D4E5F60718293A4B5C /* RulesScreen.swift in Sources */,
				006DCED917E8DC60E97A90D3 /* SecondWindApp.swift in Sources */,
				519A451B91C353BFC82EFA46 /* SharedViews.swift in Sources */,
				1BD88E388D9938A493F5BF43 /* StorageIntelligenceView.swift in Sources */,
				8410EC36E22EB6109B554A53 /* SystemTasksView.swift in Sources */,
				858194504A7DF84F5685E1C2 /* VolumeCheckState.swift in Sources */,
				4C3035B7CB68DD21593FAE52 /* VolumeCheckView.swift in Sources */,
				E3A934F418A84609BA01A001 /* SettingsScreen.swift in Sources */,
				E3A934F418A84609BA01A003 /* DashboardScreen.swift in Sources */,
				E3A934F418A84609BA01A005 /* CleanupScreen.swift in Sources */,
				E3A934F418A84609BA01A007 /* SystemMonitorScreen.swift in Sources */,
				E3A934F418A84609BA01A009 /* StorageOutcomePreview.swift in Sources */,
				E3A934F418A84609BA01A011 /* StorageInventoryObserver.swift in Sources */,
				E3A934F418A84609BA01A013 /* DeveloperStorageScreen.swift in Sources */,
			);
			runOnlyForDeploymentPostprocessing = 0;
		};
		39A1E7FE23A4668387314F43 /* Sources */ = {
			isa = PBXSourcesBuildPhase;
			buildActionMask = 2147483647;
			files = (
				46022A5AB8E977E856705691 /* PrivilegedMaintenanceHelper.swift in Sources */,
			);
			runOnlyForDeploymentPostprocessing = 0;
		};
/* End PBXSourcesBuildPhase section */

/* Begin PBXTargetDependency section */
		2B4D8A45E903854F2128A78E /* PBXTargetDependency */ = {
			isa = PBXTargetDependency;
			target = ED541B8F0C8F4A1871FA3B8F /* SecondWindPrivilegedHelper */;
			targetProxy = ADC96997A1CB99F08423E7BD /* PBXContainerItemProxy */;
		};
/* End PBXTargetDependency section */

/* Begin XCBuildConfiguration section */
		46988118D4D6BDED96D6450F /* Debug */ = {
			isa = XCBuildConfiguration;
			buildSettings = {
				CODE_SIGN_ENTITLEMENTS = Config/PrivilegedMaintenanceHelper.entitlements;
				CODE_SIGN_IDENTITY = "Apple Development";
				COMBINE_HIDPI_IMAGES = YES;
				DEVELOPMENT_TEAM = 33474MTKLP;
				INFOPLIST_FILE = "Config/Helper-Info.plist";
				LD_RUNPATH_SEARCH_PATHS = (
					"$(inherited)",
					"@executable_path/../Frameworks",
				);
				MACH_O_TYPE = mh_execute;
				PRODUCT_BUNDLE_IDENTIFIER = org.secondwind.PrivilegedMaintenanceHelper;
				SDKROOT = macosx;
			};
			name = Debug;
		};
		89B9463335C1892BA9291B4A /* Release */ = {
			isa = XCBuildConfiguration;
			buildSettings = {
				CODE_SIGN_ENTITLEMENTS = Config/PrivilegedMaintenanceHelper.entitlements;
				CODE_SIGN_IDENTITY = "Apple Development";
				COMBINE_HIDPI_IMAGES = YES;
				DEVELOPMENT_TEAM = 33474MTKLP;
				INFOPLIST_FILE = "Config/Helper-Info.plist";
				LD_RUNPATH_SEARCH_PATHS = (
					"$(inherited)",
					"@executable_path/../Frameworks",
				);
				MACH_O_TYPE = mh_execute;
				PRODUCT_BUNDLE_IDENTIFIER = org.secondwind.PrivilegedMaintenanceHelper;
				SDKROOT = macosx;
			};
			name = Release;
		};
		9BB7889941E8925D6D5BD8E1 /* Debug */ = {
			isa = XCBuildConfiguration;
			buildSettings = {
				ALWAYS_SEARCH_USER_PATHS = NO;
				CLANG_ANALYZER_NONNULL = YES;
				CLANG_ANALYZER_NUMBER_OBJECT_CONVERSION = YES_AGGRESSIVE;
				CLANG_CXX_LANGUAGE_STANDARD = "gnu++14";
				CLANG_CXX_LIBRARY = "libc++";
				CLANG_ENABLE_MODULES = YES;
				CLANG_ENABLE_OBJC_ARC = YES;
				CLANG_ENABLE_OBJC_WEAK = YES;
				CLANG_WARN_BLOCK_CAPTURE_AUTORELEASING = YES;
				CLANG_WARN_BOOL_CONVERSION = YES;
				CLANG_WARN_COMMA = YES;
				CLANG_WARN_CONSTANT_CONVERSION = YES;
				CLANG_WARN_DEPRECATED_OBJC_IMPLEMENTATIONS = YES;
				CLANG_WARN_DIRECT_OBJC_ISA_USAGE = YES_ERROR;
				CLANG_WARN_DOCUMENTATION_COMMENTS = YES;
				CLANG_WARN_EMPTY_BODY = YES;
				CLANG_WARN_ENUM_CONVERSION = YES;
				CLANG_WARN_INFINITE_RECURSION = YES;
				CLANG_WARN_INT_CONVERSION = YES;
				CLANG_WARN_NON_LITERAL_NULL_CONVERSION = YES;
				CLANG_WARN_OBJC_IMPLICIT_RETAIN_SELF = YES;
				CLANG_WARN_OBJC_LITERAL_CONVERSION = YES;
				CLANG_WARN_OBJC_ROOT_CLASS = YES_ERROR;
				CLANG_WARN_QUOTED_INCLUDE_IN_FRAMEWORK_HEADER = YES;
				CLANG_WARN_RANGE_LOOP_ANALYSIS = YES;
				CLANG_WARN_STRICT_PROTOTYPES = YES;
				CLANG_WARN_SUSPICIOUS_MOVE = YES;
				CLANG_WARN_UNGUARDED_AVAILABILITY = YES_AGGRESSIVE;
				CLANG_WARN_UNREACHABLE_CODE = YES;
				CLANG_WARN__DUPLICATE_METHOD_MATCH = YES;
				CODE_SIGN_STYLE = Automatic;
				CURRENT_PROJECT_VERSION = 3;
				COPY_PHASE_STRIP = NO;
				DEBUG_INFORMATION_FORMAT = dwarf;
				ENABLE_HARDENED_RUNTIME = YES;
				ENABLE_STRICT_OBJC_MSGSEND = YES;
				ENABLE_TESTABILITY = YES;
				GCC_C_LANGUAGE_STANDARD = gnu11;
				GCC_DYNAMIC_NO_PIC = NO;
				GCC_NO_COMMON_BLOCKS = YES;
				GCC_OPTIMIZATION_LEVEL = 0;
				GCC_PREPROCESSOR_DEFINITIONS = (
					"$(inherited)",
					"DEBUG=1",
				);
				GCC_WARN_64_TO_32_BIT_CONVERSION = YES;
				GCC_WARN_ABOUT_RETURN_TYPE = YES_ERROR;
				GCC_WARN_UNDECLARED_SELECTOR = YES;
				GCC_WARN_UNINITIALIZED_AUTOS = YES_AGGRESSIVE;
				GCC_WARN_UNUSED_FUNCTION = YES;
				GCC_WARN_UNUSED_VARIABLE = YES;
				MACOSX_DEPLOYMENT_TARGET = 15.0;
				MTL_ENABLE_DEBUG_INFO = INCLUDE_SOURCE;
				MTL_FAST_MATH = YES;
				MARKETING_VERSION = 0.3.0;
				ONLY_ACTIVE_ARCH = YES;
				PRODUCT_BUNDLE_IDENTIFIER = org.secondwind.app;
				PRODUCT_NAME = "$(TARGET_NAME)";
				SDKROOT = macosx;
				SWIFT_ACTIVE_COMPILATION_CONDITIONS = DEBUG;
				SWIFT_OPTIMIZATION_LEVEL = "-Onone";
				SWIFT_VERSION = 5.9;
			};
			name = Debug;
		};
		A6DADA35C50D9BD526829987 /* Release */ = {
			isa = XCBuildConfiguration;
			buildSettings = {
				ALWAYS_SEARCH_USER_PATHS = NO;
				CLANG_ANALYZER_NONNULL = YES;
				CLANG_ANALYZER_NUMBER_OBJECT_CONVERSION = YES_AGGRESSIVE;
				CLANG_CXX_LANGUAGE_STANDARD = "gnu++14";
				CLANG_CXX_LIBRARY = "libc++";
				CLANG_ENABLE_MODULES = YES;
				CLANG_ENABLE_OBJC_ARC = YES;
				CLANG_ENABLE_OBJC_WEAK = YES;
				CLANG_WARN_BLOCK_CAPTURE_AUTORELEASING = YES;
				CLANG_WARN_BOOL_CONVERSION = YES;
				CLANG_WARN_COMMA = YES;
				CLANG_WARN_CONSTANT_CONVERSION = YES;
				CLANG_WARN_DEPRECATED_OBJC_IMPLEMENTATIONS = YES;
				CLANG_WARN_DIRECT_OBJC_ISA_USAGE = YES_ERROR;
				CLANG_WARN_DOCUMENTATION_COMMENTS = YES;
				CLANG_WARN_EMPTY_BODY = YES;
				CLANG_WARN_ENUM_CONVERSION = YES;
				CLANG_WARN_INFINITE_RECURSION = YES;
				CLANG_WARN_INT_CONVERSION = YES;
				CLANG_WARN_NON_LITERAL_NULL_CONVERSION = YES;
				CLANG_WARN_OBJC_IMPLICIT_RETAIN_SELF = YES;
				CLANG_WARN_OBJC_LITERAL_CONVERSION = YES;
				CLANG_WARN_OBJC_ROOT_CLASS = YES_ERROR;
				CLANG_WARN_QUOTED_INCLUDE_IN_FRAMEWORK_HEADER = YES;
				CLANG_WARN_RANGE_LOOP_ANALYSIS = YES;
				CLANG_WARN_STRICT_PROTOTYPES = YES;
				CLANG_WARN_SUSPICIOUS_MOVE = YES;
				CLANG_WARN_UNGUARDED_AVAILABILITY = YES_AGGRESSIVE;
				CLANG_WARN_UNREACHABLE_CODE = YES;
				CLANG_WARN__DUPLICATE_METHOD_MATCH = YES;
				CODE_SIGN_STYLE = Automatic;
				CURRENT_PROJECT_VERSION = 3;
				COPY_PHASE_STRIP = NO;
				DEBUG_INFORMATION_FORMAT = "dwarf-with-dsym";
				ENABLE_HARDENED_RUNTIME = YES;
				ENABLE_NS_ASSERTIONS = NO;
				ENABLE_STRICT_OBJC_MSGSEND = YES;
				GCC_C_LANGUAGE_STANDARD = gnu11;
				GCC_NO_COMMON_BLOCKS = YES;
				GCC_WARN_64_TO_32_BIT_CONVERSION = YES;
				GCC_WARN_ABOUT_RETURN_TYPE = YES_ERROR;
				GCC_WARN_UNDECLARED_SELECTOR = YES;
				GCC_WARN_UNINITIALIZED_AUTOS = YES_AGGRESSIVE;
				GCC_WARN_UNUSED_FUNCTION = YES;
				GCC_WARN_UNUSED_VARIABLE = YES;
				MACOSX_DEPLOYMENT_TARGET = 15.0;
				MTL_ENABLE_DEBUG_INFO = NO;
				MTL_FAST_MATH = YES;
				MARKETING_VERSION = 0.3.0;
				PRODUCT_BUNDLE_IDENTIFIER = org.secondwind.app;
				PRODUCT_NAME = "$(TARGET_NAME)";
				SDKROOT = macosx;
				SWIFT_COMPILATION_MODE = wholemodule;
				SWIFT_OPTIMIZATION_LEVEL = "-O";
				SWIFT_VERSION = 5.9;
			};
			name = Release;
		};
		A88CA2114077C70A8E8D1441 /* Release */ = {
			isa = XCBuildConfiguration;
			buildSettings = {
				ASSETCATALOG_COMPILER_APPICON_NAME = AppIcon;
				CODE_SIGN_ENTITLEMENTS = Config/SecondWind.entitlements;
				"CODE_SIGN_IDENTITY[sdk=macosx*]" = "Apple Development";
				COMBINE_HIDPI_IMAGES = YES;
				DEVELOPMENT_TEAM = 33474MTKLP;
				INFOPLIST_FILE = "Config/App-Info.plist";
				LD_RUNPATH_SEARCH_PATHS = (
					"$(inherited)",
					"@executable_path/../Frameworks",
				);
				PRODUCT_BUNDLE_IDENTIFIER = org.secondwind.app;
				SDKROOT = macosx;
			};
			name = Release;
		};
		FF21C0B50CC21D84FF67ADB6 /* Debug */ = {
			isa = XCBuildConfiguration;
			buildSettings = {
				ASSETCATALOG_COMPILER_APPICON_NAME = AppIcon;
				CODE_SIGN_ENTITLEMENTS = Config/SecondWind.entitlements;
				"CODE_SIGN_IDENTITY[sdk=macosx*]" = "Apple Development";
				COMBINE_HIDPI_IMAGES = YES;
				DEVELOPMENT_TEAM = 33474MTKLP;
				ENABLE_DEBUG_DYLIB = NO;
				INFOPLIST_FILE = "Config/App-Info.plist";
				LD_RUNPATH_SEARCH_PATHS = (
					"$(inherited)",
					"@executable_path/../Frameworks",
				);
				PRODUCT_BUNDLE_IDENTIFIER = org.secondwind.app;
				SDKROOT = macosx;
			};
			name = Debug;
		};
/* End XCBuildConfiguration section */

/* Begin XCConfigurationList section */
		2636322391B9ACAC97BA582D /* Build configuration list for PBXNativeTarget "SecondWind" */ = {
			isa = XCConfigurationList;
			buildConfigurations = (
				FF21C0B50CC21D84FF67ADB6 /* Debug */,
				A88CA2114077C70A8E8D1441 /* Release */,
			);
			defaultConfigurationIsVisible = 0;
			defaultConfigurationName = Debug;
		};
		915172691AAB0E5DE74B5D26 /* Build configuration list for PBXNativeTarget "SecondWindPrivilegedHelper" */ = {
			isa = XCConfigurationList;
			buildConfigurations = (
				46988118D4D6BDED96D6450F /* Debug */,
				89B9463335C1892BA9291B4A /* Release */,
			);
			defaultConfigurationIsVisible = 0;
			defaultConfigurationName = Debug;
		};
		A87E206C262907177D7DAD7A /* Build configuration list for PBXProject "SecondWind" */ = {
			isa = XCConfigurationList;
			buildConfigurations = (
				9BB7889941E8925D6D5BD8E1 /* Debug */,
				A6DADA35C50D9BD526829987 /* Release */,
			);
			defaultConfigurationIsVisible = 0;
			defaultConfigurationName = Debug;
		};
/* End XCConfigurationList section */

/* Begin XCLocalSwiftPackageReference section */
		186619BA790CAA7ECC09063E /* XCLocalSwiftPackageReference ".." */ = {
			isa = XCLocalSwiftPackageReference;
			relativePath = ..;
		};
/* End XCLocalSwiftPackageReference section */

/* Begin XCSwiftPackageProductDependency section */
		0BC94FC48CE1DFB33442F0C3 /* SecondWindSystem */ = {
			isa = XCSwiftPackageProductDependency;
			productName = SecondWindSystem;
		};
		1CB16AB86ABD2C9BABA59F9D /* SecondWindCore */ = {
			isa = XCSwiftPackageProductDependency;
			productName = SecondWindCore;
		};
		58366003EC745FC5EFADB355 /* SecondWindCore */ = {
			isa = XCSwiftPackageProductDependency;
			productName = SecondWindCore;
		};
		8072990C72A3298B3BE47817 /* SecondWindPlatform */ = {
			isa = XCSwiftPackageProductDependency;
			productName = SecondWindPlatform;
		};
		CA7B5FC4202CBA4B3C47C06F /* SecondWindPersistence */ = {
			isa = XCSwiftPackageProductDependency;
			productName = SecondWindPersistence;
		};
		D0A11468837E8124DC1F3675 /* SecondWindApplication */ = {
			isa = XCSwiftPackageProductDependency;
			productName = SecondWindApplication;
		};
		E7A315DD9A1F7FC800EFC848 /* SecondWindPlatform */ = {
			isa = XCSwiftPackageProductDependency;
			productName = SecondWindPlatform;
		};
		EE5AC46D0E6343379AB6B1C5 /* SecondWindSystem */ = {
			isa = XCSwiftPackageProductDependency;
			productName = SecondWindSystem;
		};
/* End XCSwiftPackageProductDependency section */
	};
	rootObject = CE5D960E3EE6B84FDA727AB1 /* Project object */;
}
