// !$*UTF8*$!
{
	archiveVersion = 1;
	classes = {
	};
	objectVersion = 77;
	objects = {

/* Begin PBXBuildFile section */
		0FD51ED36DAD5B3AE0EA9733 /* SharedViews.swift in Sources */ = {isa = PBXBuildFile; fileRef = 7DD2DFFC5558188637691CB5 /* SharedViews.swift */; };
		1D04756F7DB4B5FA7C9EEC71 /* SecondWindPrivilegedHelper in Resources */ = {isa = PBXBuildFile; fileRef = F049D4DEAD98146299C21124 /* SecondWindPrivilegedHelper */; settings = {ATTRIBUTES = (RemoveHeadersOnCopy, ); }; };
		1ED357BC70942742C70FE38C /* SecondWindMacOS in Frameworks */ = {isa = PBXBuildFile; productRef = 291F00C17576688A510538F5 /* SecondWindMacOS */; };
		267671BD1AF57D1EAB6D07F7 /* CleanupFindingList.swift in Sources */ = {isa = PBXBuildFile; fileRef = 384AD51372278613A7B37886 /* CleanupFindingList.swift */; };
		31FF3BB1E7F46789FDD777F6 /* README.md in Resources */ = {isa = PBXBuildFile; fileRef = 7100B740F322562C3293D07D /* README.md */; };
		3A14AB5E96EB2A92929751C5 /* SystemTasksView.swift in Sources */ = {isa = PBXBuildFile; fileRef = 8DFFE4BE6407EBCF314BE46C /* SystemTasksView.swift */; };
		3E71BB7C561F48205582D33D /* SecondWindMacOS in Frameworks */ = {isa = PBXBuildFile; productRef = 1999021E85B8F7A6F10392C4 /* SecondWindMacOS */; };
		53FDA34A851503806609CD09 /* SecondWindCore in Frameworks */ = {isa = PBXBuildFile; productRef = 58366003EC745FC5EFADB355 /* SecondWindCore */; };
		7345EE74B0922DAA3D496386 /* SecondWindApp.swift in Sources */ = {isa = PBXBuildFile; fileRef = 89AB85319746662807BB6430 /* SecondWindApp.swift */; };
		7C64A723BD14973BB48470B5 /* SecondWindViewModel.swift in Sources */ = {isa = PBXBuildFile; fileRef = A02EE0739E3691C95DC3F055 /* SecondWindViewModel.swift */; };
		80C88D163AB4381C4CA8C1EC /* SystemMonitorScreen.swift in Sources */ = {isa = PBXBuildFile; fileRef = DE742DEDAF24183BFFF7E63B /* SystemMonitorScreen.swift */; };
		81BE2B779F95AB374E6257F0 /* DeveloperStorageScreen.swift in Sources */ = {isa = PBXBuildFile; fileRef = 3D8028F08624DD6E063A00EE /* DeveloperStorageScreen.swift */; };
		8D417B481A45973A5E9D20CF /* CleanupControls.swift in Sources */ = {isa = PBXBuildFile; fileRef = ABD8A5AD7759B777A8500DEF /* CleanupControls.swift */; };
		9123C35624733D5986D5668A /* VolumeCheckState.swift in Sources */ = {isa = PBXBuildFile; fileRef = 43A3349212D07D1A948EEF86 /* VolumeCheckState.swift */; };
		9272AA9E5693A20732795D6B /* AboutScreen.swift in Sources */ = {isa = PBXBuildFile; fileRef = 54D836AFF1286D188597A5D2 /* AboutScreen.swift */; };
		95AC01A6F8D14D4BAB8E2B1F /* ApplicationsScreen.swift in Sources */ = {isa = PBXBuildFile; fileRef = E1EE754FB8A0184C6FD648CA /* ApplicationsScreen.swift */; };
		9A2A0ED2A1F14F252CD1F7F1 /* RulesScreen.swift in Sources */ = {isa = PBXBuildFile; fileRef = 645A4C2E8E5ED34AB2A99752 /* RulesScreen.swift */; };
		9D2DE66E2156DF4A50BAA378 /* PrivilegedMaintenanceHelper.swift in Sources */ = {isa = PBXBuildFile; fileRef = 9F1E8846F5041B569EEBB508 /* PrivilegedMaintenanceHelper.swift */; };
		A5059576AB20C08F1CDF461D /* SecondWindViewModel+Features.swift in Sources */ = {isa = PBXBuildFile; fileRef = F4957122E3C1FF7B18C02C56 /* SecondWindViewModel+Features.swift */; };
		AB1941932C851BFDFF623DDC /* VolumeCheckView.swift in Sources */ = {isa = PBXBuildFile; fileRef = 2F0AAA5AAAE383F695C918CC /* VolumeCheckView.swift */; };
		AE54A562ACB6621A4755355A /* StorageIntelligenceView.swift in Sources */ = {isa = PBXBuildFile; fileRef = 7790A147FCB2A053A0C41F35 /* StorageIntelligenceView.swift */; };
		AF587961C8A585A3E5F565FB /* SecondWindRuntime.swift in Sources */ = {isa = PBXBuildFile; fileRef = 7DC11DC64E31C62B20411477 /* SecondWindRuntime.swift */; };
		C6F2355FA4684DE8A2F60888 /* DashboardScreen.swift in Sources */ = {isa = PBXBuildFile; fileRef = AD7F403B6CED6185328D85D8 /* DashboardScreen.swift */; };
		C9C710825F0884B19495C634 /* SecondWindServices in Frameworks */ = {isa = PBXBuildFile; productRef = 2D1CE3F61F6476BE65F24270 /* SecondWindServices */; };
		C9E7E3D26CD423F9D5C9538B /* RecoveryActivityScreen.swift in Sources */ = {isa = PBXBuildFile; fileRef = 0898F9FE73714477CF3CD27D /* RecoveryActivityScreen.swift */; };
		CB2AE08F86A1502E26F6AFC9 /* SecondWindPersistence in Frameworks */ = {isa = PBXBuildFile; productRef = E2594A5E7152DBFD8565BB45 /* SecondWindPersistence */; };
		CCE359EB5612CA4CC0A53280 /* SecondWindCore in Frameworks */ = {isa = PBXBuildFile; productRef = 1CB16AB86ABD2C9BABA59F9D /* SecondWindCore */; };
		DFF2AE52809E16DD033C7D98 /* CleanupReviewSheets.swift in Sources */ = {isa = PBXBuildFile; fileRef = C2B466C23BA109148EB33C85 /* CleanupReviewSheets.swift */; };
		E4203EC4B7A594BEBBFD6C78 /* InventoryInspectorScreen.swift in Sources */ = {isa = PBXBuildFile; fileRef = F4D0E50F289DF87E1BAD2A67 /* InventoryInspectorScreen.swift */; };
		E642DB4E67402A0D80957EAF /* CleanupScreen.swift in Sources */ = {isa = PBXBuildFile; fileRef = 2EF6DBEF6531B5ADF3CFE7A2 /* CleanupScreen.swift */; };
		ECCF7E6E41EBBAA2B51F8678 /* SecondWindApplication in Frameworks */ = {isa = PBXBuildFile; productRef = D0A11468837E8124DC1F3675 /* SecondWindApplication */; };
		EECF2756FD4839EDBFDD821E /* ArchitectureExplorerScreen.swift in Sources */ = {isa = PBXBuildFile; fileRef = D07578B5972BA5FE6A72BC18 /* ArchitectureExplorerScreen.swift */; };
		F3D6927C0A1ABC2C2DD7E1B8 /* StorageOutcomePreview.swift in Sources */ = {isa = PBXBuildFile; fileRef = 89A4700FFA526AC0E95B89DD /* StorageOutcomePreview.swift */; };
/* End PBXBuildFile section */

/* Begin PBXContainerItemProxy section */
		ADC96997A1CB99F08423E7BD /* PBXContainerItemProxy */ = {
			isa = PBXContainerItemProxy;
			containerPortal = CE5D960E3EE6B84FDA727AB1 /* Project object */;
			proxyType = 1;
			remoteGlobalIDString = ED541B8F0C8F4A1871FA3B8F;
			remoteInfo = SecondWindPrivilegedHelper;
		};
/* End PBXContainerItemProxy section */

/* Begin PBXFileReference section */
		0898F9FE73714477CF3CD27D /* RecoveryActivityScreen.swift */ = {isa = PBXFileReference; lastKnownFileType = sourcecode.swift; path = RecoveryActivityScreen.swift; sourceTree = "<group>"; };
		2EF6DBEF6531B5ADF3CFE7A2 /* CleanupScreen.swift */ = {isa = PBXFileReference; lastKnownFileType = sourcecode.swift; path = CleanupScreen.swift; sourceTree = "<group>"; };
		2F0AAA5AAAE383F695C918CC /* VolumeCheckView.swift */ = {isa = PBXFileReference; lastKnownFileType = sourcecode.swift; path = VolumeCheckView.swift; sourceTree = "<group>"; };
		384AD51372278613A7B37886 /* CleanupFindingList.swift */ = {isa = PBXFileReference; lastKnownFileType = sourcecode.swift; path = CleanupFindingList.swift; sourceTree = "<group>"; };
		3D8028F08624DD6E063A00EE /* DeveloperStorageScreen.swift */ = {isa = PBXFileReference; lastKnownFileType = sourcecode.swift; path = DeveloperStorageScreen.swift; sourceTree = "<group>"; };
		43A3349212D07D1A948EEF86 /* VolumeCheckState.swift */ = {isa = PBXFileReference; lastKnownFileType = sourcecode.swift; path = VolumeCheckState.swift; sourceTree = "<group>"; };
		54D836AFF1286D188597A5D2 /* AboutScreen.swift */ = {isa = PBXFileReference; lastKnownFileType = sourcecode.swift; path = AboutScreen.swift; sourceTree = "<group>"; };
		615B22BD3F6E6A09D20EEE77 /* SecondWind.app */ = {isa = PBXFileReference; explicitFileType = wrapper.application; includeInIndex = 0; path = SecondWind.app; sourceTree = BUILT_PRODUCTS_DIR; };
		645A4C2E8E5ED34AB2A99752 /* RulesScreen.swift */ = {isa = PBXFileReference; lastKnownFileType = sourcecode.swift; path = RulesScreen.swift; sourceTree = "<group>"; };
		7100B740F322562C3293D07D /* README.md */ = {isa = PBXFileReference; lastKnownFileType = net.daringfireball.markdown; path = README.md; sourceTree = "<group>"; };
		7790A147FCB2A053A0C41F35 /* StorageIntelligenceView.swift */ = {isa = PBXFileReference; lastKnownFileType = sourcecode.swift; path = StorageIntelligenceView.swift; sourceTree = "<group>"; };
		7DC11DC64E31C62B20411477 /* SecondWindRuntime.swift */ = {isa = PBXFileReference; lastKnownFileType = sourcecode.swift; path = SecondWindRuntime.swift; sourceTree = "<group>"; };
		7DD2DFFC5558188637691CB5 /* SharedViews.swift */ = {isa = PBXFileReference; lastKnownFileType = sourcecode.swift; path = SharedViews.swift; sourceTree = "<group>"; };
		89A4700FFA526AC0E95B89DD /* StorageOutcomePreview.swift */ = {isa = PBXFileReference; lastKnownFileType = sourcecode.swift; path = StorageOutcomePreview.swift; sourceTree = "<group>"; };
		89AB85319746662807BB6430 /* SecondWindApp.swift */ = {isa = PBXFileReference; lastKnownFileType = sourcecode.swift; path = SecondWindApp.swift; sourceTree = "<group>"; };
		8DFFE4BE6407EBCF314BE46C /* SystemTasksView.swift */ = {isa = PBXFileReference; lastKnownFileType = sourcecode.swift; path = SystemTasksView.swift; sourceTree = "<group>"; };
		9F1E8846F5041B569EEBB508 /* PrivilegedMaintenanceHelper.swift */ = {isa = PBXFileReference; lastKnownFileType = sourcecode.swift; path = PrivilegedMaintenanceHelper.swift; sourceTree = "<group>"; };
		A02EE0739E3691C95DC3F055 /* SecondWindViewModel.swift */ = {isa = PBXFileReference; lastKnownFileType = sourcecode.swift; path = SecondWindViewModel.swift; sourceTree = "<group>"; };
		A34B7866014D956F806963A8 /* secondWind */ = {isa = PBXFileReference; lastKnownFileType = folder; name = secondWind; path = ..; sourceTree = SOURCE_ROOT; };
		ABD8A5AD7759B777A8500DEF /* CleanupControls.swift */ = {isa = PBXFileReference; lastKnownFileType = sourcecode.swift; path = CleanupControls.swift; sourceTree = "<group>"; };
		AD7F403B6CED6185328D85D8 /* DashboardScreen.swift */ = {isa = PBXFileReference; lastKnownFileType = sourcecode.swift; path = DashboardScreen.swift; sourceTree = "<group>"; };
		C2B466C23BA109148EB33C85 /* CleanupReviewSheets.swift */ = {isa = PBXFileReference; lastKnownFileType = sourcecode.swift; path = CleanupReviewSheets.swift; sourceTree = "<group>"; };
		D07578B5972BA5FE6A72BC18 /* ArchitectureExplorerScreen.swift */ = {isa = PBXFileReference; lastKnownFileType = sourcecode.swift; path = ArchitectureExplorerScreen.swift; sourceTree = "<group>"; };
		DE742DEDAF24183BFFF7E63B /* SystemMonitorScreen.swift */ = {isa = PBXFileReference; lastKnownFileType = sourcecode.swift; path = SystemMonitorScreen.swift; sourceTree = "<group>"; };
		E1EE754FB8A0184C6FD648CA /* ApplicationsScreen.swift */ = {isa = PBXFileReference; lastKnownFileType = sourcecode.swift; path = ApplicationsScreen.swift; sourceTree = "<group>"; };
		F049D4DEAD98146299C21124 /* SecondWindPrivilegedHelper */ = {isa = PBXFileReference; includeInIndex = 0; path = SecondWindPrivilegedHelper; sourceTree = BUILT_PRODUCTS_DIR; };
		F4957122E3C1FF7B18C02C56 /* SecondWindViewModel+Features.swift */ = {isa = PBXFileReference; lastKnownFileType = sourcecode.swift; path = "SecondWindViewModel+Features.swift"; sourceTree = "<group>"; };
		F4D0E50F289DF87E1BAD2A67 /* InventoryInspectorScreen.swift */ = {isa = PBXFileReference; lastKnownFileType = sourcecode.swift; path = InventoryInspectorScreen.swift; sourceTree = "<group>"; };
/* End PBXFileReference section */

/* Begin PBXFrameworksBuildPhase section */
		3A5666D5EDAFC9EF118CC544 /* Frameworks */ = {
			isa = PBXFrameworksBuildPhase;
			buildActionMask = 2147483647;
			files = (
				CCE359EB5612CA4CC0A53280 /* SecondWindCore in Frameworks */,
				ECCF7E6E41EBBAA2B51F8678 /* SecondWindApplication in Frameworks */,
				CB2AE08F86A1502E26F6AFC9 /* SecondWindPersistence in Frameworks */,
				3E71BB7C561F48205582D33D /* SecondWindMacOS in Frameworks */,
				C9C710825F0884B19495C634 /* SecondWindServices in Frameworks */,
			);
			runOnlyForDeploymentPostprocessing = 0;
		};
		D54EF322BD59CC1E756ECAF8 /* Frameworks */ = {
			isa = PBXFrameworksBuildPhase;
			buildActionMask = 2147483647;
			files = (
				53FDA34A851503806609CD09 /* SecondWindCore in Frameworks */,
				1ED357BC70942742C70FE38C /* SecondWindMacOS in Frameworks */,
			);
			runOnlyForDeploymentPostprocessing = 0;
		};
/* End PBXFrameworksBuildPhase section */

/* Begin PBXGroup section */
		4F1960E348DC47AF4EAD79B2 = {
			isa = PBXGroup;
			children = (
				BF68858D45242D3DE6C8EC52 /* Packages */,
				CEA83EB4D40DF6C024BF3487 /* PrivilegedHelperService */,
				75CA25A1B7CDC0F8C1CD1DEF /* UI */,
				968A1E2AFF022967AE696E49 /* Products */,
			);
			sourceTree = "<group>";
		};
		5047604BFAD4D5A8F5945DFE /* Features */ = {
			isa = PBXGroup;
			children = (
				54D836AFF1286D188597A5D2 /* AboutScreen.swift */,
				E1EE754FB8A0184C6FD648CA /* ApplicationsScreen.swift */,
				AD7F403B6CED6185328D85D8 /* DashboardScreen.swift */,
				0898F9FE73714477CF3CD27D /* RecoveryActivityScreen.swift */,
				645A4C2E8E5ED34AB2A99752 /* RulesScreen.swift */,
				DE742DEDAF24183BFFF7E63B /* SystemMonitorScreen.swift */,
				8DFFE4BE6407EBCF314BE46C /* SystemTasksView.swift */,
				43A3349212D07D1A948EEF86 /* VolumeCheckState.swift */,
				2F0AAA5AAAE383F695C918CC /* VolumeCheckView.swift */,
				BDD72F6014FF01CACB082AF9 /* Cleanup */,
				8800D259CA26B8C5A2FB210C /* Storage */,
			);
			path = Features;
			sourceTree = "<group>";
		};
		75CA25A1B7CDC0F8C1CD1DEF /* UI */ = {
			isa = PBXGroup;
			children = (
				F70D611CC56208C378D859E1 /* Application */,
				5047604BFAD4D5A8F5945DFE /* Features */,
				D122D3FF992B14622BDE800C /* Shared */,
			);
			name = UI;
			path = ../Sources/UI;
			sourceTree = "<group>";
		};
		8800D259CA26B8C5A2FB210C /* Storage */ = {
			isa = PBXGroup;
			children = (
				D07578B5972BA5FE6A72BC18 /* ArchitectureExplorerScreen.swift */,
				3D8028F08624DD6E063A00EE /* DeveloperStorageScreen.swift */,
				F4D0E50F289DF87E1BAD2A67 /* InventoryInspectorScreen.swift */,
				7790A147FCB2A053A0C41F35 /* StorageIntelligenceView.swift */,
				89A4700FFA526AC0E95B89DD /* StorageOutcomePreview.swift */,
			);
			path = Storage;
			sourceTree = "<group>";
		};
		968A1E2AFF022967AE696E49 /* Products */ = {
			isa = PBXGroup;
			children = (
				615B22BD3F6E6A09D20EEE77 /* SecondWind.app */,
				F049D4DEAD98146299C21124 /* SecondWindPrivilegedHelper */,
			);
			name = Products;
			sourceTree = "<group>";
		};
		BDD72F6014FF01CACB082AF9 /* Cleanup */ = {
			isa = PBXGroup;
			children = (
				ABD8A5AD7759B777A8500DEF /* CleanupControls.swift */,
				384AD51372278613A7B37886 /* CleanupFindingList.swift */,
				C2B466C23BA109148EB33C85 /* CleanupReviewSheets.swift */,
				2EF6DBEF6531B5ADF3CFE7A2 /* CleanupScreen.swift */,
			);
			path = Cleanup;
			sourceTree = "<group>";
		};
		BF68858D45242D3DE6C8EC52 /* Packages */ = {
			isa = PBXGroup;
			children = (
				A34B7866014D956F806963A8 /* secondWind */,
			);
			name = Packages;
			sourceTree = "<group>";
		};
		CEA83EB4D40DF6C024BF3487 /* PrivilegedHelperService */ = {
			isa = PBXGroup;
			children = (
				9F1E8846F5041B569EEBB508 /* PrivilegedMaintenanceHelper.swift */,
				7100B740F322562C3293D07D /* README.md */,
			);
			name = PrivilegedHelperService;
			path = ../Sources/PrivilegedHelperService;
			sourceTree = "<group>";
		};
		D122D3FF992B14622BDE800C /* Shared */ = {
			isa = PBXGroup;
			children = (
				7DD2DFFC5558188637691CB5 /* SharedViews.swift */,
			);
			path = Shared;
			sourceTree = "<group>";
		};
		F70D611CC56208C378D859E1 /* Application */ = {
			isa = PBXGroup;
			children = (
				89AB85319746662807BB6430 /* SecondWindApp.swift */,
				7DC11DC64E31C62B20411477 /* SecondWindRuntime.swift */,
				A02EE0739E3691C95DC3F055 /* SecondWindViewModel.swift */,
				F4957122E3C1FF7B18C02C56 /* SecondWindViewModel+Features.swift */,
			);
			path = Application;
			sourceTree = "<group>";
		};
/* End PBXGroup section */

/* Begin PBXNativeTarget section */
		ED541B8F0C8F4A1871FA3B8F /* SecondWindPrivilegedHelper */ = {
			isa = PBXNativeTarget;
			buildConfigurationList = 915172691AAB0E5DE74B5D26 /* Build configuration list for PBXNativeTarget "SecondWindPrivilegedHelper" */;
			buildPhases = (
				39A1E7FE23A4668387314F43 /* Sources */,
				CAE4B8DF90F7DFCB00747F01 /* Resources */,
				D54EF322BD59CC1E756ECAF8 /* Frameworks */,
			);
			buildRules = (
			);
			dependencies = (
			);
			name = SecondWindPrivilegedHelper;
			packageProductDependencies = (
				58366003EC745FC5EFADB355 /* SecondWindCore */,
				291F00C17576688A510538F5 /* SecondWindMacOS */,
			);
			productName = SecondWindPrivilegedHelper;
			productReference = F049D4DEAD98146299C21124 /* SecondWindPrivilegedHelper */;
			productType = "com.apple.product-type.tool";
		};
		F637E4DB2457AC09E3DD972F /* SecondWind */ = {
			isa = PBXNativeTarget;
			buildConfigurationList = 2636322391B9ACAC97BA582D /* Build configuration list for PBXNativeTarget "SecondWind" */;
			buildPhases = (
				0C967361146556BA90DAD062 /* Sources */,
				87E29748A3C6F7AF7D55B1EC /* Resources */,
				3A5666D5EDAFC9EF118CC544 /* Frameworks */,
				0B93B479A1CDB02B923A1246 /* Embed privileged helper */,
			);
			buildRules = (
			);
			dependencies = (
				2B4D8A45E903854F2128A78E /* PBXTargetDependency */,
			);
			name = SecondWind;
			packageProductDependencies = (
				1CB16AB86ABD2C9BABA59F9D /* SecondWindCore */,
				D0A11468837E8124DC1F3675 /* SecondWindApplication */,
				E2594A5E7152DBFD8565BB45 /* SecondWindPersistence */,
				1999021E85B8F7A6F10392C4 /* SecondWindMacOS */,
				2D1CE3F61F6476BE65F24270 /* SecondWindServices */,
			);
			productName = SecondWind;
			productReference = 615B22BD3F6E6A09D20EEE77 /* SecondWind.app */;
			productType = "com.apple.product-type.application";
		};
/* End PBXNativeTarget section */

/* Begin PBXProject section */
		CE5D960E3EE6B84FDA727AB1 /* Project object */ = {
			isa = PBXProject;
			attributes = {
				BuildIndependentTargetsInParallel = YES;
				LastUpgradeCheck = 1430;
				TargetAttributes = {
					ED541B8F0C8F4A1871FA3B8F = {
						DevelopmentTeam = 33474MTKLP;
						ProvisioningStyle = Automatic;
					};
					F637E4DB2457AC09E3DD972F = {
						DevelopmentTeam = 33474MTKLP;
						ProvisioningStyle = Automatic;
					};
				};
			};
			buildConfigurationList = A87E206C262907177D7DAD7A /* Build configuration list for PBXProject "SecondWind" */;
			developmentRegion = en;
			hasScannedForEncodings = 0;
			knownRegions = (
				Base,
				en,
			);
			mainGroup = 4F1960E348DC47AF4EAD79B2;
			minimizedProjectReferenceProxies = 1;
			packageReferences = (
				186619BA790CAA7ECC09063E /* XCLocalSwiftPackageReference ".." */,
			);
			preferredProjectObjectVersion = 77;
			productRefGroup = 968A1E2AFF022967AE696E49 /* Products */;
			projectDirPath = "";
			projectRoot = "";
			targets = (
				F637E4DB2457AC09E3DD972F /* SecondWind */,
				ED541B8F0C8F4A1871FA3B8F /* SecondWindPrivilegedHelper */,
			);
		};
/* End PBXProject section */

/* Begin PBXResourcesBuildPhase section */
		87E29748A3C6F7AF7D55B1EC /* Resources */ = {
			isa = PBXResourcesBuildPhase;
			buildActionMask = 2147483647;
			files = (
				1D04756F7DB4B5FA7C9EEC71 /* SecondWindPrivilegedHelper in Resources */,
			);
			runOnlyForDeploymentPostprocessing = 0;
		};
		CAE4B8DF90F7DFCB00747F01 /* Resources */ = {
			isa = PBXResourcesBuildPhase;
			buildActionMask = 2147483647;
			files = (
				31FF3BB1E7F46789FDD777F6 /* README.md in Resources */,
			);
			runOnlyForDeploymentPostprocessing = 0;
		};
/* End PBXResourcesBuildPhase section */

/* Begin PBXShellScriptBuildPhase section */
		0B93B479A1CDB02B923A1246 /* Embed privileged helper */ = {
			isa = PBXShellScriptBuildPhase;
			buildActionMask = 2147483647;
			files = (
			);
			inputFileListPaths = (
			);
			inputPaths = (
			);
			name = "Embed privileged helper";
			outputFileListPaths = (
			);
			outputPaths = (
			);
			runOnlyForDeploymentPostprocessing = 0;
			shellPath = /bin/sh;
			shellScript = "\"${SRCROOT}/../Scripts/embed-privileged-helper.sh\"\n";
		};
/* End PBXShellScriptBuildPhase section */

/* Begin PBXSourcesBuildPhase section */
		0C967361146556BA90DAD062 /* Sources */ = {
			isa = PBXSourcesBuildPhase;
			buildActionMask = 2147483647;
			files = (
				9272AA9E5693A20732795D6B /* AboutScreen.swift in Sources */,
				95AC01A6F8D14D4BAB8E2B1F /* ApplicationsScreen.swift in Sources */,
				EECF2756FD4839EDBFDD821E /* ArchitectureExplorerScreen.swift in Sources */,
				8D417B481A45973A5E9D20CF /* CleanupControls.swift in Sources */,
				267671BD1AF57D1EAB6D07F7 /* CleanupFindingList.swift in Sources */,
				DFF2AE52809E16DD033C7D98 /* CleanupReviewSheets.swift in Sources */,
				E642DB4E67402A0D80957EAF /* CleanupScreen.swift in Sources */,
				C6F2355FA4684DE8A2F60888 /* DashboardScreen.swift in Sources */,
				81BE2B779F95AB374E6257F0 /* DeveloperStorageScreen.swift in Sources */,
				E4203EC4B7A594BEBBFD6C78 /* InventoryInspectorScreen.swift in Sources */,
				C9E7E3D26CD423F9D5C9538B /* RecoveryActivityScreen.swift in Sources */,
				9A2A0ED2A1F14F252CD1F7F1 /* RulesScreen.swift in Sources */,
				7345EE74B0922DAA3D496386 /* SecondWindApp.swift in Sources */,
				AF587961C8A585A3E5F565FB /* SecondWindRuntime.swift in Sources */,
				A5059576AB20C08F1CDF461D /* SecondWindViewModel+Features.swift in Sources */,
				7C64A723BD14973BB48470B5 /* SecondWindViewModel.swift in Sources */,
				0FD51ED36DAD5B3AE0EA9733 /* SharedViews.swift in Sources */,
				AE54A562ACB6621A4755355A /* StorageIntelligenceView.swift in Sources */,
				F3D6927C0A1ABC2C2DD7E1B8 /* StorageOutcomePreview.swift in Sources */,
				80C88D163AB4381C4CA8C1EC /* SystemMonitorScreen.swift in Sources */,
				3A14AB5E96EB2A92929751C5 /* SystemTasksView.swift in Sources */,
				9123C35624733D5986D5668A /* VolumeCheckState.swift in Sources */,
				AB1941932C851BFDFF623DDC /* VolumeCheckView.swift in Sources */,
			);
			runOnlyForDeploymentPostprocessing = 0;
		};
		39A1E7FE23A4668387314F43 /* Sources */ = {
			isa = PBXSourcesBuildPhase;
			buildActionMask = 2147483647;
			files = (
				9D2DE66E2156DF4A50BAA378 /* PrivilegedMaintenanceHelper.swift in Sources */,
			);
			runOnlyForDeploymentPostprocessing = 0;
		};
/* End PBXSourcesBuildPhase section */

/* Begin PBXTargetDependency section */
		2B4D8A45E903854F2128A78E /* PBXTargetDependency */ = {
			isa = PBXTargetDependency;
			target = ED541B8F0C8F4A1871FA3B8F /* SecondWindPrivilegedHelper */;
			targetProxy = ADC96997A1CB99F08423E7BD /* PBXContainerItemProxy */;
		};
/* End PBXTargetDependency section */

/* Begin XCBuildConfiguration section */
		46988118D4D6BDED96D6450F /* Debug */ = {
			isa = XCBuildConfiguration;
			buildSettings = {
				CODE_SIGN_ENTITLEMENTS = Config/PrivilegedMaintenanceHelper.entitlements;
				CODE_SIGN_IDENTITY = "Apple Development";
				COMBINE_HIDPI_IMAGES = YES;
				DEVELOPMENT_TEAM = 33474MTKLP;
				INFOPLIST_FILE = "Config/Helper-Info.plist";
				LD_RUNPATH_SEARCH_PATHS = (
					"$(inherited)",
					"@executable_path/../Frameworks",
				);
				MACH_O_TYPE = mh_execute;
				PRODUCT_BUNDLE_IDENTIFIER = org.secondwind.PrivilegedMaintenanceHelper;
				SDKROOT = macosx;
			};
			name = Debug;
		};
		89B9463335C1892BA9291B4A /* Release */ = {
			isa = XCBuildConfiguration;
			buildSettings = {
				CODE_SIGN_ENTITLEMENTS = Config/PrivilegedMaintenanceHelper.entitlements;
				CODE_SIGN_IDENTITY = "Apple Development";
				COMBINE_HIDPI_IMAGES = YES;
				DEVELOPMENT_TEAM = 33474MTKLP;
				INFOPLIST_FILE = "Config/Helper-Info.plist";
				LD_RUNPATH_SEARCH_PATHS = (
					"$(inherited)",
					"@executable_path/../Frameworks",
				);
				MACH_O_TYPE = mh_execute;
				PRODUCT_BUNDLE_IDENTIFIER = org.secondwind.PrivilegedMaintenanceHelper;
				SDKROOT = macosx;
			};
			name = Release;
		};
		9BB7889941E8925D6D5BD8E1 /* Debug */ = {
			isa = XCBuildConfiguration;
			buildSettings = {
				ALWAYS_SEARCH_USER_PATHS = NO;
				CLANG_ANALYZER_NONNULL = YES;
				CLANG_ANALYZER_NUMBER_OBJECT_CONVERSION = YES_AGGRESSIVE;
				CLANG_CXX_LANGUAGE_STANDARD = "gnu++14";
				CLANG_CXX_LIBRARY = "libc++";
				CLANG_ENABLE_MODULES = YES;
				CLANG_ENABLE_OBJC_ARC = YES;
				CLANG_ENABLE_OBJC_WEAK = YES;
				CLANG_WARN_BLOCK_CAPTURE_AUTORELEASING = YES;
				CLANG_WARN_BOOL_CONVERSION = YES;
				CLANG_WARN_COMMA = YES;
				CLANG_WARN_CONSTANT_CONVERSION = YES;
				CLANG_WARN_DEPRECATED_OBJC_IMPLEMENTATIONS = YES;
				CLANG_WARN_DIRECT_OBJC_ISA_USAGE = YES_ERROR;
				CLANG_WARN_DOCUMENTATION_COMMENTS = YES;
				CLANG_WARN_EMPTY_BODY = YES;
				CLANG_WARN_ENUM_CONVERSION = YES;
				CLANG_WARN_INFINITE_RECURSION = YES;
				CLANG_WARN_INT_CONVERSION = YES;
				CLANG_WARN_NON_LITERAL_NULL_CONVERSION = YES;
				CLANG_WARN_OBJC_IMPLICIT_RETAIN_SELF = YES;
				CLANG_WARN_OBJC_LITERAL_CONVERSION = YES;
				CLANG_WARN_OBJC_ROOT_CLASS = YES_ERROR;
				CLANG_WARN_QUOTED_INCLUDE_IN_FRAMEWORK_HEADER = YES;
				CLANG_WARN_RANGE_LOOP_ANALYSIS = YES;
				CLANG_WARN_STRICT_PROTOTYPES = YES;
				CLANG_WARN_SUSPICIOUS_MOVE = YES;
				CLANG_WARN_UNGUARDED_AVAILABILITY = YES_AGGRESSIVE;
				CLANG_WARN_UNREACHABLE_CODE = YES;
				CLANG_WARN__DUPLICATE_METHOD_MATCH = YES;
				CODE_SIGN_STYLE = Automatic;
				COPY_PHASE_STRIP = NO;
				CURRENT_PROJECT_VERSION = 11;
				DEBUG_INFORMATION_FORMAT = dwarf;
				ENABLE_HARDENED_RUNTIME = YES;
				ENABLE_STRICT_OBJC_MSGSEND = YES;
				ENABLE_TESTABILITY = YES;
				GCC_C_LANGUAGE_STANDARD = gnu11;
				GCC_DYNAMIC_NO_PIC = NO;
				GCC_NO_COMMON_BLOCKS = YES;
				GCC_OPTIMIZATION_LEVEL = 0;
				GCC_PREPROCESSOR_DEFINITIONS = (
					"$(inherited)",
					"DEBUG=1",
				);
				GCC_WARN_64_TO_32_BIT_CONVERSION = YES;
				GCC_WARN_ABOUT_RETURN_TYPE = YES_ERROR;
				GCC_WARN_UNDECLARED_SELECTOR = YES;
				GCC_WARN_UNINITIALIZED_AUTOS = YES_AGGRESSIVE;
				GCC_WARN_UNUSED_FUNCTION = YES;
				GCC_WARN_UNUSED_VARIABLE = YES;
				MACOSX_DEPLOYMENT_TARGET = 15.0;
				MARKETING_VERSION = 1.0.0;
				MTL_ENABLE_DEBUG_INFO = INCLUDE_SOURCE;
				MTL_FAST_MATH = YES;
				ONLY_ACTIVE_ARCH = YES;
				PRODUCT_BUNDLE_IDENTIFIER = org.secondwind.app;
				PRODUCT_NAME = "$(TARGET_NAME)";
				SDKROOT = macosx;
				SWIFT_ACTIVE_COMPILATION_CONDITIONS = DEBUG;
				SWIFT_OPTIMIZATION_LEVEL = "-Onone";
				SWIFT_VERSION = 5.9;
			};
			name = Debug;
		};
		A6DADA35C50D9BD526829987 /* Release */ = {
			isa = XCBuildConfiguration;
			buildSettings = {
				ALWAYS_SEARCH_USER_PATHS = NO;
				CLANG_ANALYZER_NONNULL = YES;
				CLANG_ANALYZER_NUMBER_OBJECT_CONVERSION = YES_AGGRESSIVE;
				CLANG_CXX_LANGUAGE_STANDARD = "gnu++14";
				CLANG_CXX_LIBRARY = "libc++";
				CLANG_ENABLE_MODULES = YES;
				CLANG_ENABLE_OBJC_ARC = YES;
				CLANG_ENABLE_OBJC_WEAK = YES;
				CLANG_WARN_BLOCK_CAPTURE_AUTORELEASING = YES;
				CLANG_WARN_BOOL_CONVERSION = YES;
				CLANG_WARN_COMMA = YES;
				CLANG_WARN_CONSTANT_CONVERSION = YES;
				CLANG_WARN_DEPRECATED_OBJC_IMPLEMENTATIONS = YES;
				CLANG_WARN_DIRECT_OBJC_ISA_USAGE = YES_ERROR;
				CLANG_WARN_DOCUMENTATION_COMMENTS = YES;
				CLANG_WARN_EMPTY_BODY = YES;
				CLANG_WARN_ENUM_CONVERSION = YES;
				CLANG_WARN_INFINITE_RECURSION = YES;
				CLANG_WARN_INT_CONVERSION = YES;
				CLANG_WARN_NON_LITERAL_NULL_CONVERSION = YES;
				CLANG_WARN_OBJC_IMPLICIT_RETAIN_SELF = YES;
				CLANG_WARN_OBJC_LITERAL_CONVERSION = YES;
				CLANG_WARN_OBJC_ROOT_CLASS = YES_ERROR;
				CLANG_WARN_QUOTED_INCLUDE_IN_FRAMEWORK_HEADER = YES;
				CLANG_WARN_RANGE_LOOP_ANALYSIS = YES;
				CLANG_WARN_STRICT_PROTOTYPES = YES;
				CLANG_WARN_SUSPICIOUS_MOVE = YES;
				CLANG_WARN_UNGUARDED_AVAILABILITY = YES_AGGRESSIVE;
				CLANG_WARN_UNREACHABLE_CODE = YES;
				CLANG_WARN__DUPLICATE_METHOD_MATCH = YES;
				CODE_SIGN_STYLE = Automatic;
				COPY_PHASE_STRIP = NO;
				CURRENT_PROJECT_VERSION = 11;
				DEBUG_INFORMATION_FORMAT = "dwarf-with-dsym";
				ENABLE_HARDENED_RUNTIME = YES;
				ENABLE_NS_ASSERTIONS = NO;
				ENABLE_STRICT_OBJC_MSGSEND = YES;
				GCC_C_LANGUAGE_STANDARD = gnu11;
				GCC_NO_COMMON_BLOCKS = YES;
				GCC_WARN_64_TO_32_BIT_CONVERSION = YES;
				GCC_WARN_ABOUT_RETURN_TYPE = YES_ERROR;
				GCC_WARN_UNDECLARED_SELECTOR = YES;
				GCC_WARN_UNINITIALIZED_AUTOS = YES_AGGRESSIVE;
				GCC_WARN_UNUSED_FUNCTION = YES;
				GCC_WARN_UNUSED_VARIABLE = YES;
				MACOSX_DEPLOYMENT_TARGET = 15.0;
				MARKETING_VERSION = 1.0.0;
				MTL_ENABLE_DEBUG_INFO = NO;
				MTL_FAST_MATH = YES;
				PRODUCT_BUNDLE_IDENTIFIER = org.secondwind.app;
				PRODUCT_NAME = "$(TARGET_NAME)";
				SDKROOT = macosx;
				SWIFT_COMPILATION_MODE = wholemodule;
				SWIFT_OPTIMIZATION_LEVEL = "-O";
				SWIFT_VERSION = 5.9;
			};
			name = Release;
		};
		A88CA2114077C70A8E8D1441 /* Release */ = {
			isa = XCBuildConfiguration;
			buildSettings = {
				ASSETCATALOG_COMPILER_APPICON_NAME = AppIcon;
				CODE_SIGN_ENTITLEMENTS = Config/SecondWind.entitlements;
				CODE_SIGN_IDENTITY = "Apple Development";
				COMBINE_HIDPI_IMAGES = YES;
				DEVELOPMENT_TEAM = 33474MTKLP;
				INFOPLIST_FILE = "Config/App-Info.plist";
				LD_RUNPATH_SEARCH_PATHS = (
					"$(inherited)",
					"@executable_path/../Frameworks",
				);
				PRODUCT_BUNDLE_IDENTIFIER = org.secondwind.app;
				SDKROOT = macosx;
			};
			name = Release;
		};
		FF21C0B50CC21D84FF67ADB6 /* Debug */ = {
			isa = XCBuildConfiguration;
			buildSettings = {
				ASSETCATALOG_COMPILER_APPICON_NAME = AppIcon;
				CODE_SIGN_ENTITLEMENTS = Config/SecondWind.entitlements;
				CODE_SIGN_IDENTITY = "Apple Development";
				COMBINE_HIDPI_IMAGES = YES;
				DEVELOPMENT_TEAM = 33474MTKLP;
				ENABLE_DEBUG_DYLIB = NO;
				INFOPLIST_FILE = "Config/App-Info.plist";
				LD_RUNPATH_SEARCH_PATHS = (
					"$(inherited)",
					"@executable_path/../Frameworks",
				);
				PRODUCT_BUNDLE_IDENTIFIER = org.secondwind.app;
				SDKROOT = macosx;
			};
			name = Debug;
		};
/* End XCBuildConfiguration section */

/* Begin XCConfigurationList section */
		2636322391B9ACAC97BA582D /* Build configuration list for PBXNativeTarget "SecondWind" */ = {
			isa = XCConfigurationList;
			buildConfigurations = (
				FF21C0B50CC21D84FF67ADB6 /* Debug */,
				A88CA2114077C70A8E8D1441 /* Release */,
			);
			defaultConfigurationIsVisible = 0;
			defaultConfigurationName = Debug;
		};
		915172691AAB0E5DE74B5D26 /* Build configuration list for PBXNativeTarget "SecondWindPrivilegedHelper" */ = {
			isa = XCConfigurationList;
			buildConfigurations = (
				46988118D4D6BDED96D6450F /* Debug */,
				89B9463335C1892BA9291B4A /* Release */,
			);
			defaultConfigurationIsVisible = 0;
			defaultConfigurationName = Debug;
		};
		A87E206C262907177D7DAD7A /* Build configuration list for PBXProject "SecondWind" */ = {
			isa = XCConfigurationList;
			buildConfigurations = (
				9BB7889941E8925D6D5BD8E1 /* Debug */,
				A6DADA35C50D9BD526829987 /* Release */,
			);
			defaultConfigurationIsVisible = 0;
			defaultConfigurationName = Debug;
		};
/* End XCConfigurationList section */

/* Begin XCLocalSwiftPackageReference section */
		186619BA790CAA7ECC09063E /* XCLocalSwiftPackageReference ".." */ = {
			isa = XCLocalSwiftPackageReference;
			relativePath = ..;
		};
/* End XCLocalSwiftPackageReference section */

/* Begin XCSwiftPackageProductDependency section */
		1999021E85B8F7A6F10392C4 /* SecondWindMacOS */ = {
			isa = XCSwiftPackageProductDependency;
			productName = SecondWindMacOS;
		};
		1CB16AB86ABD2C9BABA59F9D /* SecondWindCore */ = {
			isa = XCSwiftPackageProductDependency;
			productName = SecondWindCore;
		};
		291F00C17576688A510538F5 /* SecondWindMacOS */ = {
			isa = XCSwiftPackageProductDependency;
			productName = SecondWindMacOS;
		};
		2D1CE3F61F6476BE65F24270 /* SecondWindServices */ = {
			isa = XCSwiftPackageProductDependency;
			productName = SecondWindServices;
		};
		58366003EC745FC5EFADB355 /* SecondWindCore */ = {
			isa = XCSwiftPackageProductDependency;
			productName = SecondWindCore;
		};
		D0A11468837E8124DC1F3675 /* SecondWindApplication */ = {
			isa = XCSwiftPackageProductDependency;
			productName = SecondWindApplication;
		};
		E2594A5E7152DBFD8565BB45 /* SecondWindPersistence */ = {
			isa = XCSwiftPackageProductDependency;
			productName = SecondWindPersistence;
		};
/* End XCSwiftPackageProductDependency section */
	};
	rootObject = CE5D960E3EE6B84FDA727AB1 /* Project object */;
}
