// !$*UTF8*$!
{
	archiveVersion = 1;
	classes = {
	};
	objectVersion = 77;
	objects = {

/* Begin PBXBuildFile section */
		00523E63560AE08150F47F1C /* VolumeCheckView.swift in Sources */ = {isa = PBXBuildFile; fileRef = A3812AD76F24879F534AAE6A /* VolumeCheckView.swift */; };
		0FD51ED36DAD5B3AE0EA9733 /* SharedViews.swift in Sources */ = {isa = PBXBuildFile; fileRef = 7DD2DFFC5558188637691CB5 /* SharedViews.swift */; };
		19820711627D02307346C2B9 /* ApplicationsScreen.swift in Sources */ = {isa = PBXBuildFile; fileRef = C57443188D3B7E4FFB0A871D /* ApplicationsScreen.swift */; };
		1D04756F7DB4B5FA7C9EEC71 /* SecondWindPrivilegedHelper in Resources */ = {isa = PBXBuildFile; fileRef = F049D4DEAD98146299C21124 /* SecondWindPrivilegedHelper */; settings = {ATTRIBUTES = (RemoveHeadersOnCopy, ); }; };
		1ED357BC70942742C70FE38C /* SecondWindMacOS in Frameworks */ = {isa = PBXBuildFile; productRef = 291F00C17576688A510538F5 /* SecondWindMacOS */; };
		22D445D4B849707415B9DBE4 /* StorageOutcomePreview.swift in Sources */ = {isa = PBXBuildFile; fileRef = 05AAEF099B8B5E6E7C4428C4 /* StorageOutcomePreview.swift */; };
		31FF3BB1E7F46789FDD777F6 /* README.md in Resources */ = {isa = PBXBuildFile; fileRef = 7100B740F322562C3293D07D /* README.md */; };
		3E71BB7C561F48205582D33D /* SecondWindMacOS in Frameworks */ = {isa = PBXBuildFile; productRef = 1999021E85B8F7A6F10392C4 /* SecondWindMacOS */; };
		438146DECA6C11B00150EB1B /* VolumeCheckState.swift in Sources */ = {isa = PBXBuildFile; fileRef = 89225FD4D613FE1A3D4ADCFF /* VolumeCheckState.swift */; };
		4EB0B0989DEC7532E8A594F1 /* SettingsScreen.swift in Sources */ = {isa = PBXBuildFile; fileRef = 74A23D7547986DAF4356DB74 /* SettingsScreen.swift */; };
		53FDA34A851503806609CD09 /* SecondWindCore in Frameworks */ = {isa = PBXBuildFile; productRef = 58366003EC745FC5EFADB355 /* SecondWindCore */; };
		55F7050B50DDB81F2C56C40C /* SystemMonitorScreen.swift in Sources */ = {isa = PBXBuildFile; fileRef = 513018696FD0BFA55B48E874 /* SystemMonitorScreen.swift */; };
		6E1FD49C958E12C4A5CBFBAF /* RulesScreen.swift in Sources */ = {isa = PBXBuildFile; fileRef = C565F25F92B73B71D68BF370 /* RulesScreen.swift */; };
		7345EE74B0922DAA3D496386 /* SecondWindApp.swift in Sources */ = {isa = PBXBuildFile; fileRef = 89AB85319746662807BB6430 /* SecondWindApp.swift */; };
		7760F1B5BFCF2B620A5F8445 /* SystemTasksView.swift in Sources */ = {isa = PBXBuildFile; fileRef = 8865179B238625CF93F441F3 /* SystemTasksView.swift */; };
		8668D572673C2599EFD62C6C /* StorageIntelligenceView.swift in Sources */ = {isa = PBXBuildFile; fileRef = F8BEE60B5532683616190E76 /* StorageIntelligenceView.swift */; };
		9D2DE66E2156DF4A50BAA378 /* PrivilegedMaintenanceHelper.swift in Sources */ = {isa = PBXBuildFile; fileRef = 9F1E8846F5041B569EEBB508 /* PrivilegedMaintenanceHelper.swift */; };
		B8875A731DA6C3743D955AC3 /* DashboardScreen.swift in Sources */ = {isa = PBXBuildFile; fileRef = F70D522EFD85E5C0417E0807 /* DashboardScreen.swift */; };
		C9C710825F0884B19495C634 /* SecondWindServices in Frameworks */ = {isa = PBXBuildFile; productRef = 2D1CE3F61F6476BE65F24270 /* SecondWindServices */; };
		CA19A9731EEE37E6EF12AE26 /* CleanupScreen.swift in Sources */ = {isa = PBXBuildFile; fileRef = DE2429354B712E959259B866 /* CleanupScreen.swift */; };
		CB2AE08F86A1502E26F6AFC9 /* SecondWindPersistence in Frameworks */ = {isa = PBXBuildFile; productRef = E2594A5E7152DBFD8565BB45 /* SecondWindPersistence */; };
		CCE359EB5612CA4CC0A53280 /* SecondWindCore in Frameworks */ = {isa = PBXBuildFile; productRef = 1CB16AB86ABD2C9BABA59F9D /* SecondWindCore */; };
		D438FE612C4B3E8227E4FB99 /* RecoveryActivityScreen.swift in Sources */ = {isa = PBXBuildFile; fileRef = 779821C93C5CB7C19B9BC6B5 /* RecoveryActivityScreen.swift */; };
		ECCF7E6E41EBBAA2B51F8678 /* SecondWindApplication in Frameworks */ = {isa = PBXBuildFile; productRef = D0A11468837E8124DC1F3675 /* SecondWindApplication */; };
		F7EE7F9C245C549970E8E880 /* DeveloperStorageScreen.swift in Sources */ = {isa = PBXBuildFile; fileRef = 7809DF4512FF0C1A3C873B3D /* DeveloperStorageScreen.swift */; };
/* End PBXBuildFile section */

/* Begin PBXContainerItemProxy section */
		ADC96997A1CB99F08423E7BD /* PBXContainerItemProxy */ = {
			isa = PBXContainerItemProxy;
			containerPortal = CE5D960E3EE6B84FDA727AB1 /* Project object */;
			proxyType = 1;
			remoteGlobalIDString = ED541B8F0C8F4A1871FA3B8F;
			remoteInfo = SecondWindPrivilegedHelper;
		};
/* End PBXContainerItemProxy section */

/* Begin PBXFileReference section */
		05AAEF099B8B5E6E7C4428C4 /* StorageOutcomePreview.swift */ = {isa = PBXFileReference; lastKnownFileType = sourcecode.swift; path = StorageOutcomePreview.swift; sourceTree = "<group>"; };
		513018696FD0BFA55B48E874 /* SystemMonitorScreen.swift */ = {isa = PBXFileReference; lastKnownFileType = sourcecode.swift; path = SystemMonitorScreen.swift; sourceTree = "<group>"; };
		615B22BD3F6E6A09D20EEE77 /* SecondWind.app */ = {isa = PBXFileReference; explicitFileType = wrapper.application; includeInIndex = 0; path = SecondWind.app; sourceTree = BUILT_PRODUCTS_DIR; };
		7100B740F322562C3293D07D /* README.md */ = {isa = PBXFileReference; lastKnownFileType = net.daringfireball.markdown; path = README.md; sourceTree = "<group>"; };
		74A23D7547986DAF4356DB74 /* SettingsScreen.swift */ = {isa = PBXFileReference; lastKnownFileType = sourcecode.swift; path = SettingsScreen.swift; sourceTree = "<group>"; };
		779821C93C5CB7C19B9BC6B5 /* RecoveryActivityScreen.swift */ = {isa = PBXFileReference; lastKnownFileType = sourcecode.swift; path = RecoveryActivityScreen.swift; sourceTree = "<group>"; };
		7809DF4512FF0C1A3C873B3D /* DeveloperStorageScreen.swift */ = {isa = PBXFileReference; lastKnownFileType = sourcecode.swift; path = DeveloperStorageScreen.swift; sourceTree = "<group>"; };
		7DD2DFFC5558188637691CB5 /* SharedViews.swift */ = {isa = PBXFileReference; lastKnownFileType = sourcecode.swift; path = SharedViews.swift; sourceTree = "<group>"; };
		8865179B238625CF93F441F3 /* SystemTasksView.swift */ = {isa = PBXFileReference; lastKnownFileType = sourcecode.swift; path = SystemTasksView.swift; sourceTree = "<group>"; };
		89225FD4D613FE1A3D4ADCFF /* VolumeCheckState.swift */ = {isa = PBXFileReference; lastKnownFileType = sourcecode.swift; path = VolumeCheckState.swift; sourceTree = "<group>"; };
		89AB85319746662807BB6430 /* SecondWindApp.swift */ = {isa = PBXFileReference; lastKnownFileType = sourcecode.swift; path = SecondWindApp.swift; sourceTree = "<group>"; };
		9F1E8846F5041B569EEBB508 /* PrivilegedMaintenanceHelper.swift */ = {isa = PBXFileReference; lastKnownFileType = sourcecode.swift; path = PrivilegedMaintenanceHelper.swift; sourceTree = "<group>"; };
		A34B7866014D956F806963A8 /* secondWind */ = {isa = PBXFileReference; lastKnownFileType = folder; name = secondWind; path = ..; sourceTree = SOURCE_ROOT; };
		A3812AD76F24879F534AAE6A /* VolumeCheckView.swift */ = {isa = PBXFileReference; lastKnownFileType = sourcecode.swift; path = VolumeCheckView.swift; sourceTree = "<group>"; };
		C565F25F92B73B71D68BF370 /* RulesScreen.swift */ = {isa = PBXFileReference; lastKnownFileType = sourcecode.swift; path = RulesScreen.swift; sourceTree = "<group>"; };
		C57443188D3B7E4FFB0A871D /* ApplicationsScreen.swift */ = {isa = PBXFileReference; lastKnownFileType = sourcecode.swift; path = ApplicationsScreen.swift; sourceTree = "<group>"; };
		DE2429354B712E959259B866 /* CleanupScreen.swift */ = {isa = PBXFileReference; lastKnownFileType = sourcecode.swift; path = CleanupScreen.swift; sourceTree = "<group>"; };
		F049D4DEAD98146299C21124 /* SecondWindPrivilegedHelper */ = {isa = PBXFileReference; explicitFileType = "compiled.mach-o.executable"; includeInIndex = 0; path = SecondWindPrivilegedHelper; sourceTree = BUILT_PRODUCTS_DIR; };
		F70D522EFD85E5C0417E0807 /* DashboardScreen.swift */ = {isa = PBXFileReference; lastKnownFileType = sourcecode.swift; path = DashboardScreen.swift; sourceTree = "<group>"; };
		F8BEE60B5532683616190E76 /* StorageIntelligenceView.swift */ = {isa = PBXFileReference; lastKnownFileType = sourcecode.swift; path = StorageIntelligenceView.swift; sourceTree = "<group>"; };
/* End PBXFileReference section */

/* Begin PBXFrameworksBuildPhase section */
		3A5666D5EDAFC9EF118CC544 /* Frameworks */ = {
			isa = PBXFrameworksBuildPhase;
			buildActionMask = 2147483647;
			files = (
				CCE359EB5612CA4CC0A53280 /* SecondWindCore in Frameworks */,
				ECCF7E6E41EBBAA2B51F8678 /* SecondWindApplication in Frameworks */,
				CB2AE08F86A1502E26F6AFC9 /* SecondWindPersistence in Frameworks */,
				3E71BB7C561F48205582D33D /* SecondWindMacOS in Frameworks */,
				C9C710825F0884B19495C634 /* SecondWindServices in Frameworks */,
			);
			runOnlyForDeploymentPostprocessing = 0;
		};
		D54EF322BD59CC1E756ECAF8 /* Frameworks */ = {
			isa = PBXFrameworksBuildPhase;
			buildActionMask = 2147483647;
			files = (
				53FDA34A851503806609CD09 /* SecondWindCore in Frameworks */,
				1ED357BC70942742C70FE38C /* SecondWindMacOS in Frameworks */,
			);
			runOnlyForDeploymentPostprocessing = 0;
		};
/* End PBXFrameworksBuildPhase section */

/* Begin PBXGroup section */
		0C0814C03E43732F0B999489 /* Cleanup */ = {
			isa = PBXGroup;
			children = (
				DE2429354B712E959259B866 /* CleanupScreen.swift */,
			);
			path = Cleanup;
			sourceTree = "<group>";
		};
		24F6EDBBF4101D2203832700 /* Settings */ = {
			isa = PBXGroup;
			children = (
				74A23D7547986DAF4356DB74 /* SettingsScreen.swift */,
			);
			path = Settings;
			sourceTree = "<group>";
		};
		4F1960E348DC47AF4EAD79B2 = {
			isa = PBXGroup;
			children = (
				BF68858D45242D3DE6C8EC52 /* Packages */,
				CEA83EB4D40DF6C024BF3487 /* PrivilegedHelperService */,
				75CA25A1B7CDC0F8C1CD1DEF /* UI */,
				968A1E2AFF022967AE696E49 /* Products */,
			);
			sourceTree = "<group>";
		};
		5047604BFAD4D5A8F5945DFE /* Features */ = {
			isa = PBXGroup;
			children = (
				5B62D083C979A681E3A3F30C /* Insights */,
				56E460DD04AB0E69D1C0DD40 /* MakeSpace */,
				74D290A662874B75824BA414 /* Overview */,
				C8C45AC44D4DA903C0758D69 /* System */,
			);
			path = Features;
			sourceTree = "<group>";
		};
		56E460DD04AB0E69D1C0DD40 /* MakeSpace */ = {
			isa = PBXGroup;
			children = (
				A23AAC1DDA5A9F5CCB260BEA /* Applications */,
				0C0814C03E43732F0B999489 /* Cleanup */,
				C3A272684932A05A56206508 /* Rules */,
			);
			path = MakeSpace;
			sourceTree = "<group>";
		};
		5B62D083C979A681E3A3F30C /* Insights */ = {
			isa = PBXGroup;
			children = (
				90328AF5BEDC36F763C45EE3 /* Monitor */,
				AD39E306CDDD363206AF901F /* Recovery */,
				F34F5CF83C56D3331A0485CA /* Storage */,
			);
			path = Insights;
			sourceTree = "<group>";
		};
		68B6E10DD1CA28E5B6B5D538 /* Volume */ = {
			isa = PBXGroup;
			children = (
				89225FD4D613FE1A3D4ADCFF /* VolumeCheckState.swift */,
				A3812AD76F24879F534AAE6A /* VolumeCheckView.swift */,
			);
			path = Volume;
			sourceTree = "<group>";
		};
		74D290A662874B75824BA414 /* Overview */ = {
			isa = PBXGroup;
			children = (
				F70D522EFD85E5C0417E0807 /* DashboardScreen.swift */,
			);
			path = Overview;
			sourceTree = "<group>";
		};
		75CA25A1B7CDC0F8C1CD1DEF /* UI */ = {
			isa = PBXGroup;
			children = (
				F70D611CC56208C378D859E1 /* Application */,
				5047604BFAD4D5A8F5945DFE /* Features */,
				D122D3FF992B14622BDE800C /* Shared */,
			);
			name = UI;
			path = ../Sources/UI;
			sourceTree = "<group>";
		};
		90328AF5BEDC36F763C45EE3 /* Monitor */ = {
			isa = PBXGroup;
			children = (
				513018696FD0BFA55B48E874 /* SystemMonitorScreen.swift */,
			);
			path = Monitor;
			sourceTree = "<group>";
		};
		968A1E2AFF022967AE696E49 /* Products */ = {
			isa = PBXGroup;
			children = (
				615B22BD3F6E6A09D20EEE77 /* SecondWind.app */,
				F049D4DEAD98146299C21124 /* SecondWindPrivilegedHelper */,
			);
			name = Products;
			sourceTree = "<group>";
		};
		A23AAC1DDA5A9F5CCB260BEA /* Applications */ = {
			isa = PBXGroup;
			children = (
				C57443188D3B7E4FFB0A871D /* ApplicationsScreen.swift */,
			);
			path = Applications;
			sourceTree = "<group>";
		};
		A77F56066343CEB10BB9D372 /* Tasks */ = {
			isa = PBXGroup;
			children = (
				8865179B238625CF93F441F3 /* SystemTasksView.swift */,
			);
			path = Tasks;
			sourceTree = "<group>";
		};
		AD39E306CDDD363206AF901F /* Recovery */ = {
			isa = PBXGroup;
			children = (
				779821C93C5CB7C19B9BC6B5 /* RecoveryActivityScreen.swift */,
			);
			path = Recovery;
			sourceTree = "<group>";
		};
		BF68858D45242D3DE6C8EC52 /* Packages */ = {
			isa = PBXGroup;
			children = (
				A34B7866014D956F806963A8 /* secondWind */,
			);
			name = Packages;
			sourceTree = "<group>";
		};
		C3A272684932A05A56206508 /* Rules */ = {
			isa = PBXGroup;
			children = (
				C565F25F92B73B71D68BF370 /* RulesScreen.swift */,
			);
			path = Rules;
			sourceTree = "<group>";
		};
		C8C45AC44D4DA903C0758D69 /* System */ = {
			isa = PBXGroup;
			children = (
				24F6EDBBF4101D2203832700 /* Settings */,
				A77F56066343CEB10BB9D372 /* Tasks */,
				68B6E10DD1CA28E5B6B5D538 /* Volume */,
			);
			path = System;
			sourceTree = "<group>";
		};
		CEA83EB4D40DF6C024BF3487 /* PrivilegedHelperService */ = {
			isa = PBXGroup;
			children = (
				9F1E8846F5041B569EEBB508 /* PrivilegedMaintenanceHelper.swift */,
				7100B740F322562C3293D07D /* README.md */,
			);
			name = PrivilegedHelperService;
			path = ../Sources/PrivilegedHelperService;
			sourceTree = "<group>";
		};
		D122D3FF992B14622BDE800C /* Shared */ = {
			isa = PBXGroup;
			children = (
				7DD2DFFC5558188637691CB5 /* SharedViews.swift */,
			);
			path = Shared;
			sourceTree = "<group>";
		};
		F34F5CF83C56D3331A0485CA /* Storage */ = {
			isa = PBXGroup;
			children = (
				7809DF4512FF0C1A3C873B3D /* DeveloperStorageScreen.swift */,
				F8BEE60B5532683616190E76 /* StorageIntelligenceView.swift */,
				05AAEF099B8B5E6E7C4428C4 /* StorageOutcomePreview.swift */,
			);
			path = Storage;
			sourceTree = "<group>";
		};
		F70D611CC56208C378D859E1 /* Application */ = {
			isa = PBXGroup;
			children = (
				89AB85319746662807BB6430 /* SecondWindApp.swift */,
			);
			path = Application;
			sourceTree = "<group>";
		};
/* End PBXGroup section */

/* Begin PBXNativeTarget section */
		ED541B8F0C8F4A1871FA3B8F /* SecondWindPrivilegedHelper */ = {
			isa = PBXNativeTarget;
			buildConfigurationList = 915172691AAB0E5DE74B5D26 /* Build configuration list for PBXNativeTarget "SecondWindPrivilegedHelper" */;
			buildPhases = (
				39A1E7FE23A4668387314F43 /* Sources */,
				CAE4B8DF90F7DFCB00747F01 /* Resources */,
				D54EF322BD59CC1E756ECAF8 /* Frameworks */,
			);
			buildRules = (
			);
			dependencies = (
			);
			name = SecondWindPrivilegedHelper;
			packageProductDependencies = (
				58366003EC745FC5EFADB355 /* SecondWindCore */,
				291F00C17576688A510538F5 /* SecondWindMacOS */,
			);
			productName = SecondWindPrivilegedHelper;
			productReference = F049D4DEAD98146299C21124 /* SecondWindPrivilegedHelper */;
			productType = "com.apple.product-type.tool";
		};
		F637E4DB2457AC09E3DD972F /* SecondWind */ = {
			isa = PBXNativeTarget;
			buildConfigurationList = 2636322391B9ACAC97BA582D /* Build configuration list for PBXNativeTarget "SecondWind" */;
			buildPhases = (
				0C967361146556BA90DAD062 /* Sources */,
				87E29748A3C6F7AF7D55B1EC /* Resources */,
				3A5666D5EDAFC9EF118CC544 /* Frameworks */,
				0B93B479A1CDB02B923A1246 /* Embed privileged helper */,
			);
			buildRules = (
			);
			dependencies = (
				2B4D8A45E903854F2128A78E /* PBXTargetDependency */,
			);
			name = SecondWind;
			packageProductDependencies = (
				1CB16AB86ABD2C9BABA59F9D /* SecondWindCore */,
				D0A11468837E8124DC1F3675 /* SecondWindApplication */,
				E2594A5E7152DBFD8565BB45 /* SecondWindPersistence */,
				1999021E85B8F7A6F10392C4 /* SecondWindMacOS */,
				2D1CE3F61F6476BE65F24270 /* SecondWindServices */,
			);
			productName = SecondWind;
			productReference = 615B22BD3F6E6A09D20EEE77 /* SecondWind.app */;
			productType = "com.apple.product-type.application";
		};
/* End PBXNativeTarget section */

/* Begin PBXProject section */
		CE5D960E3EE6B84FDA727AB1 /* Project object */ = {
			isa = PBXProject;
			attributes = {
				BuildIndependentTargetsInParallel = YES;
				LastUpgradeCheck = 1430;
				TargetAttributes = {
					ED541B8F0C8F4A1871FA3B8F = {
						ProvisioningStyle = Automatic;
					};
					F637E4DB2457AC09E3DD972F = {
						ProvisioningStyle = Automatic;
					};
				};
			};
			buildConfigurationList = A87E206C262907177D7DAD7A /* Build configuration list for PBXProject "SecondWind" */;
			developmentRegion = en;
			hasScannedForEncodings = 0;
			knownRegions = (
				Base,
				en,
			);
			mainGroup = 4F1960E348DC47AF4EAD79B2;
			minimizedProjectReferenceProxies = 1;
			packageReferences = (
				186619BA790CAA7ECC09063E /* XCLocalSwiftPackageReference ".." */,
			);
			preferredProjectObjectVersion = 77;
			productRefGroup = 968A1E2AFF022967AE696E49 /* Products */;
			projectDirPath = "";
			projectRoot = "";
			targets = (
				F637E4DB2457AC09E3DD972F /* SecondWind */,
				ED541B8F0C8F4A1871FA3B8F /* SecondWindPrivilegedHelper */,
			);
		};
/* End PBXProject section */

/* Begin PBXResourcesBuildPhase section */
		87E29748A3C6F7AF7D55B1EC /* Resources */ = {
			isa = PBXResourcesBuildPhase;
			buildActionMask = 2147483647;
			files = (
				1D04756F7DB4B5FA7C9EEC71 /* SecondWindPrivilegedHelper in Resources */,
			);
			runOnlyForDeploymentPostprocessing = 0;
		};
		CAE4B8DF90F7DFCB00747F01 /* Resources */ = {
			isa = PBXResourcesBuildPhase;
			buildActionMask = 2147483647;
			files = (
				31FF3BB1E7F46789FDD777F6 /* README.md in Resources */,
			);
			runOnlyForDeploymentPostprocessing = 0;
		};
/* End PBXResourcesBuildPhase section */

/* Begin PBXShellScriptBuildPhase section */
		0B93B479A1CDB02B923A1246 /* Embed privileged helper */ = {
			isa = PBXShellScriptBuildPhase;
			buildActionMask = 2147483647;
			files = (
			);
			inputFileListPaths = (
			);
			inputPaths = (
			);
			name = "Embed privileged helper";
			outputFileListPaths = (
			);
			outputPaths = (
			);
			runOnlyForDeploymentPostprocessing = 0;
			shellPath = /bin/sh;
			shellScript = "\"${SRCROOT}/../Scripts/embed-privileged-helper.sh\"\n";
		};
/* End PBXShellScriptBuildPhase section */

/* Begin PBXSourcesBuildPhase section */
		0C967361146556BA90DAD062 /* Sources */ = {
			isa = PBXSourcesBuildPhase;
			buildActionMask = 2147483647;
			files = (
				19820711627D02307346C2B9 /* ApplicationsScreen.swift in Sources */,
				CA19A9731EEE37E6EF12AE26 /* CleanupScreen.swift in Sources */,
				B8875A731DA6C3743D955AC3 /* DashboardScreen.swift in Sources */,
				F7EE7F9C245C549970E8E880 /* DeveloperStorageScreen.swift in Sources */,
				D438FE612C4B3E8227E4FB99 /* RecoveryActivityScreen.swift in Sources */,
				6E1FD49C958E12C4A5CBFBAF /* RulesScreen.swift in Sources */,
				7345EE74B0922DAA3D496386 /* SecondWindApp.swift in Sources */,
				4EB0B0989DEC7532E8A594F1 /* SettingsScreen.swift in Sources */,
				0FD51ED36DAD5B3AE0EA9733 /* SharedViews.swift in Sources */,
				8668D572673C2599EFD62C6C /* StorageIntelligenceView.swift in Sources */,
				22D445D4B849707415B9DBE4 /* StorageOutcomePreview.swift in Sources */,
				55F7050B50DDB81F2C56C40C /* SystemMonitorScreen.swift in Sources */,
				7760F1B5BFCF2B620A5F8445 /* SystemTasksView.swift in Sources */,
				438146DECA6C11B00150EB1B /* VolumeCheckState.swift in Sources */,
				00523E63560AE08150F47F1C /* VolumeCheckView.swift in Sources */,
			);
			runOnlyForDeploymentPostprocessing = 0;
		};
		39A1E7FE23A4668387314F43 /* Sources */ = {
			isa = PBXSourcesBuildPhase;
			buildActionMask = 2147483647;
			files = (
				9D2DE66E2156DF4A50BAA378 /* PrivilegedMaintenanceHelper.swift in Sources */,
			);
			runOnlyForDeploymentPostprocessing = 0;
		};
/* End PBXSourcesBuildPhase section */

/* Begin PBXTargetDependency section */
		2B4D8A45E903854F2128A78E /* PBXTargetDependency */ = {
			isa = PBXTargetDependency;
			target = ED541B8F0C8F4A1871FA3B8F /* SecondWindPrivilegedHelper */;
			targetProxy = ADC96997A1CB99F08423E7BD /* PBXContainerItemProxy */;
		};
/* End PBXTargetDependency section */

/* Begin XCBuildConfiguration section */
		46988118D4D6BDED96D6450F /* Debug */ = {
			isa = XCBuildConfiguration;
			buildSettings = {
				CODE_SIGN_ENTITLEMENTS = Config/PrivilegedMaintenanceHelper.entitlements;
				CODE_SIGN_IDENTITY = "Apple Development";
				COMBINE_HIDPI_IMAGES = YES;
				DEVELOPMENT_TEAM = 33474MTKLP;
				INFOPLIST_FILE = "Config/Helper-Info.plist";
				LD_RUNPATH_SEARCH_PATHS = (
					"$(inherited)",
					"@executable_path/../Frameworks",
				);
				MACH_O_TYPE = mh_execute;
				PRODUCT_BUNDLE_IDENTIFIER = org.secondwind.PrivilegedMaintenanceHelper;
				SDKROOT = macosx;
			};
			name = Debug;
		};
		89B9463335C1892BA9291B4A /* Release */ = {
			isa = XCBuildConfiguration;
			buildSettings = {
				CODE_SIGN_ENTITLEMENTS = Config/PrivilegedMaintenanceHelper.entitlements;
				CODE_SIGN_IDENTITY = "Apple Development";
				COMBINE_HIDPI_IMAGES = YES;
				DEVELOPMENT_TEAM = 33474MTKLP;
				INFOPLIST_FILE = "Config/Helper-Info.plist";
				LD_RUNPATH_SEARCH_PATHS = (
					"$(inherited)",
					"@executable_path/../Frameworks",
				);
				MACH_O_TYPE = mh_execute;
				PRODUCT_BUNDLE_IDENTIFIER = org.secondwind.PrivilegedMaintenanceHelper;
				SDKROOT = macosx;
			};
			name = Release;
		};
		9BB7889941E8925D6D5BD8E1 /* Debug */ = {
			isa = XCBuildConfiguration;
			buildSettings = {
				ALWAYS_SEARCH_USER_PATHS = NO;
				CLANG_ANALYZER_NONNULL = YES;
				CLANG_ANALYZER_NUMBER_OBJECT_CONVERSION = YES_AGGRESSIVE;
				CLANG_CXX_LANGUAGE_STANDARD = "gnu++14";
				CLANG_CXX_LIBRARY = "libc++";
				CLANG_ENABLE_MODULES = YES;
				CLANG_ENABLE_OBJC_ARC = YES;
				CLANG_ENABLE_OBJC_WEAK = YES;
				CLANG_WARN_BLOCK_CAPTURE_AUTORELEASING = YES;
				CLANG_WARN_BOOL_CONVERSION = YES;
				CLANG_WARN_COMMA = YES;
				CLANG_WARN_CONSTANT_CONVERSION = YES;
				CLANG_WARN_DEPRECATED_OBJC_IMPLEMENTATIONS = YES;
				CLANG_WARN_DIRECT_OBJC_ISA_USAGE = YES_ERROR;
				CLANG_WARN_DOCUMENTATION_COMMENTS = YES;
				CLANG_WARN_EMPTY_BODY = YES;
				CLANG_WARN_ENUM_CONVERSION = YES;
				CLANG_WARN_INFINITE_RECURSION = YES;
				CLANG_WARN_INT_CONVERSION = YES;
				CLANG_WARN_NON_LITERAL_NULL_CONVERSION = YES;
				CLANG_WARN_OBJC_IMPLICIT_RETAIN_SELF = YES;
				CLANG_WARN_OBJC_LITERAL_CONVERSION = YES;
				CLANG_WARN_OBJC_ROOT_CLASS = YES_ERROR;
				CLANG_WARN_QUOTED_INCLUDE_IN_FRAMEWORK_HEADER = YES;
				CLANG_WARN_RANGE_LOOP_ANALYSIS = YES;
				CLANG_WARN_STRICT_PROTOTYPES = YES;
				CLANG_WARN_SUSPICIOUS_MOVE = YES;
				CLANG_WARN_UNGUARDED_AVAILABILITY = YES_AGGRESSIVE;
				CLANG_WARN_UNREACHABLE_CODE = YES;
				CLANG_WARN__DUPLICATE_METHOD_MATCH = YES;
				CODE_SIGN_STYLE = Automatic;
				COPY_PHASE_STRIP = NO;
				CURRENT_PROJECT_VERSION = 4;
				DEBUG_INFORMATION_FORMAT = dwarf;
				ENABLE_HARDENED_RUNTIME = YES;
				ENABLE_STRICT_OBJC_MSGSEND = YES;
				ENABLE_TESTABILITY = YES;
				GCC_C_LANGUAGE_STANDARD = gnu11;
				GCC_DYNAMIC_NO_PIC = NO;
				GCC_NO_COMMON_BLOCKS = YES;
				GCC_OPTIMIZATION_LEVEL = 0;
				GCC_PREPROCESSOR_DEFINITIONS = (
					"$(inherited)",
					"DEBUG=1",
				);
				GCC_WARN_64_TO_32_BIT_CONVERSION = YES;
				GCC_WARN_ABOUT_RETURN_TYPE = YES_ERROR;
				GCC_WARN_UNDECLARED_SELECTOR = YES;
				GCC_WARN_UNINITIALIZED_AUTOS = YES_AGGRESSIVE;
				GCC_WARN_UNUSED_FUNCTION = YES;
				GCC_WARN_UNUSED_VARIABLE = YES;
				MACOSX_DEPLOYMENT_TARGET = 15.0;
				MARKETING_VERSION = 0.4.0;
				MTL_ENABLE_DEBUG_INFO = INCLUDE_SOURCE;
				MTL_FAST_MATH = YES;
				ONLY_ACTIVE_ARCH = YES;
				PRODUCT_BUNDLE_IDENTIFIER = org.secondwind.app;
				PRODUCT_NAME = "$(TARGET_NAME)";
				SDKROOT = macosx;
				SWIFT_ACTIVE_COMPILATION_CONDITIONS = DEBUG;
				SWIFT_OPTIMIZATION_LEVEL = "-Onone";
				SWIFT_VERSION = 5.9;
			};
			name = Debug;
		};
		A6DADA35C50D9BD526829987 /* Release */ = {
			isa = XCBuildConfiguration;
			buildSettings = {
				ALWAYS_SEARCH_USER_PATHS = NO;
				CLANG_ANALYZER_NONNULL = YES;
				CLANG_ANALYZER_NUMBER_OBJECT_CONVERSION = YES_AGGRESSIVE;
				CLANG_CXX_LANGUAGE_STANDARD = "gnu++14";
				CLANG_CXX_LIBRARY = "libc++";
				CLANG_ENABLE_MODULES = YES;
				CLANG_ENABLE_OBJC_ARC = YES;
				CLANG_ENABLE_OBJC_WEAK = YES;
				CLANG_WARN_BLOCK_CAPTURE_AUTORELEASING = YES;
				CLANG_WARN_BOOL_CONVERSION = YES;
				CLANG_WARN_COMMA = YES;
				CLANG_WARN_CONSTANT_CONVERSION = YES;
				CLANG_WARN_DEPRECATED_OBJC_IMPLEMENTATIONS = YES;
				CLANG_WARN_DIRECT_OBJC_ISA_USAGE = YES_ERROR;
				CLANG_WARN_DOCUMENTATION_COMMENTS = YES;
				CLANG_WARN_EMPTY_BODY = YES;
				CLANG_WARN_ENUM_CONVERSION = YES;
				CLANG_WARN_INFINITE_RECURSION = YES;
				CLANG_WARN_INT_CONVERSION = YES;
				CLANG_WARN_NON_LITERAL_NULL_CONVERSION = YES;
				CLANG_WARN_OBJC_IMPLICIT_RETAIN_SELF = YES;
				CLANG_WARN_OBJC_LITERAL_CONVERSION = YES;
				CLANG_WARN_OBJC_ROOT_CLASS = YES_ERROR;
				CLANG_WARN_QUOTED_INCLUDE_IN_FRAMEWORK_HEADER = YES;
				CLANG_WARN_RANGE_LOOP_ANALYSIS = YES;
				CLANG_WARN_STRICT_PROTOTYPES = YES;
				CLANG_WARN_SUSPICIOUS_MOVE = YES;
				CLANG_WARN_UNGUARDED_AVAILABILITY = YES_AGGRESSIVE;
				CLANG_WARN_UNREACHABLE_CODE = YES;
				CLANG_WARN__DUPLICATE_METHOD_MATCH = YES;
				CODE_SIGN_STYLE = Automatic;
				COPY_PHASE_STRIP = NO;
				CURRENT_PROJECT_VERSION = 4;
				DEBUG_INFORMATION_FORMAT = "dwarf-with-dsym";
				ENABLE_HARDENED_RUNTIME = YES;
				ENABLE_NS_ASSERTIONS = NO;
				ENABLE_STRICT_OBJC_MSGSEND = YES;
				GCC_C_LANGUAGE_STANDARD = gnu11;
				GCC_NO_COMMON_BLOCKS = YES;
				GCC_WARN_64_TO_32_BIT_CONVERSION = YES;
				GCC_WARN_ABOUT_RETURN_TYPE = YES_ERROR;
				GCC_WARN_UNDECLARED_SELECTOR = YES;
				GCC_WARN_UNINITIALIZED_AUTOS = YES_AGGRESSIVE;
				GCC_WARN_UNUSED_FUNCTION = YES;
				GCC_WARN_UNUSED_VARIABLE = YES;
				MACOSX_DEPLOYMENT_TARGET = 15.0;
				MARKETING_VERSION = 0.4.0;
				MTL_ENABLE_DEBUG_INFO = NO;
				MTL_FAST_MATH = YES;
				PRODUCT_BUNDLE_IDENTIFIER = org.secondwind.app;
				PRODUCT_NAME = "$(TARGET_NAME)";
				SDKROOT = macosx;
				SWIFT_COMPILATION_MODE = wholemodule;
				SWIFT_OPTIMIZATION_LEVEL = "-O";
				SWIFT_VERSION = 5.9;
			};
			name = Release;
		};
		A88CA2114077C70A8E8D1441 /* Release */ = {
			isa = XCBuildConfiguration;
			buildSettings = {
				ASSETCATALOG_COMPILER_APPICON_NAME = AppIcon;
				CODE_SIGN_ENTITLEMENTS = Config/SecondWind.entitlements;
				CODE_SIGN_IDENTITY = "Apple Development";
				COMBINE_HIDPI_IMAGES = YES;
				DEVELOPMENT_TEAM = 33474MTKLP;
				INFOPLIST_FILE = "Config/App-Info.plist";
				LD_RUNPATH_SEARCH_PATHS = (
					"$(inherited)",
					"@executable_path/../Frameworks",
				);
				PRODUCT_BUNDLE_IDENTIFIER = org.secondwind.app;
				SDKROOT = macosx;
			};
			name = Release;
		};
		FF21C0B50CC21D84FF67ADB6 /* Debug */ = {
			isa = XCBuildConfiguration;
			buildSettings = {
				ASSETCATALOG_COMPILER_APPICON_NAME = AppIcon;
				CODE_SIGN_ENTITLEMENTS = Config/SecondWind.entitlements;
				CODE_SIGN_IDENTITY = "Apple Development";
				COMBINE_HIDPI_IMAGES = YES;
				DEVELOPMENT_TEAM = 33474MTKLP;
				ENABLE_DEBUG_DYLIB = NO;
				INFOPLIST_FILE = "Config/App-Info.plist";
				LD_RUNPATH_SEARCH_PATHS = (
					"$(inherited)",
					"@executable_path/../Frameworks",
				);
				PRODUCT_BUNDLE_IDENTIFIER = org.secondwind.app;
				SDKROOT = macosx;
			};
			name = Debug;
		};
/* End XCBuildConfiguration section */

/* Begin XCConfigurationList section */
		2636322391B9ACAC97BA582D /* Build configuration list for PBXNativeTarget "SecondWind" */ = {
			isa = XCConfigurationList;
			buildConfigurations = (
				FF21C0B50CC21D84FF67ADB6 /* Debug */,
				A88CA2114077C70A8E8D1441 /* Release */,
			);
			defaultConfigurationIsVisible = 0;
			defaultConfigurationName = Debug;
		};
		915172691AAB0E5DE74B5D26 /* Build configuration list for PBXNativeTarget "SecondWindPrivilegedHelper" */ = {
			isa = XCConfigurationList;
			buildConfigurations = (
				46988118D4D6BDED96D6450F /* Debug */,
				89B9463335C1892BA9291B4A /* Release */,
			);
			defaultConfigurationIsVisible = 0;
			defaultConfigurationName = Debug;
		};
		A87E206C262907177D7DAD7A /* Build configuration list for PBXProject "SecondWind" */ = {
			isa = XCConfigurationList;
			buildConfigurations = (
				9BB7889941E8925D6D5BD8E1 /* Debug */,
				A6DADA35C50D9BD526829987 /* Release */,
			);
			defaultConfigurationIsVisible = 0;
			defaultConfigurationName = Debug;
		};
/* End XCConfigurationList section */

/* Begin XCLocalSwiftPackageReference section */
		186619BA790CAA7ECC09063E /* XCLocalSwiftPackageReference ".." */ = {
			isa = XCLocalSwiftPackageReference;
			relativePath = ..;
		};
/* End XCLocalSwiftPackageReference section */

/* Begin XCSwiftPackageProductDependency section */
		1999021E85B8F7A6F10392C4 /* SecondWindMacOS */ = {
			isa = XCSwiftPackageProductDependency;
			productName = SecondWindMacOS;
		};
		1CB16AB86ABD2C9BABA59F9D /* SecondWindCore */ = {
			isa = XCSwiftPackageProductDependency;
			productName = SecondWindCore;
		};
		291F00C17576688A510538F5 /* SecondWindMacOS */ = {
			isa = XCSwiftPackageProductDependency;
			productName = SecondWindMacOS;
		};
		2D1CE3F61F6476BE65F24270 /* SecondWindServices */ = {
			isa = XCSwiftPackageProductDependency;
			productName = SecondWindServices;
		};
		58366003EC745FC5EFADB355 /* SecondWindCore */ = {
			isa = XCSwiftPackageProductDependency;
			productName = SecondWindCore;
		};
		D0A11468837E8124DC1F3675 /* SecondWindApplication */ = {
			isa = XCSwiftPackageProductDependency;
			productName = SecondWindApplication;
		};
		E2594A5E7152DBFD8565BB45 /* SecondWindPersistence */ = {
			isa = XCSwiftPackageProductDependency;
			productName = SecondWindPersistence;
		};
/* End XCSwiftPackageProductDependency section */
	};
	rootObject = CE5D960E3EE6B84FDA727AB1 /* Project object */;
}
